
Microsoft Visual Studio Solution File, Format Version 12.00
# Visual Studio Version 16
VisualStudioVersion = 16.0.34407.143
MinimumVisualStudioVersion = 10.0.40219.1
Project("{8BC9CEB8-8B4A-11D0-8D11-00A0C91BC942}") = "imgui-docking", "3rdpartd\imgui-docking\imgui-docking\imgui-docking.vcxproj", "{73C7D627-854A-405C-8A3C-BCB8BB306F4D}"
EndProject
Project("{2150E333-8FDC-42A3-9474-1A3956D46DE8}") = "3rd", "3rd", "{AADAD963-5649-44C4-8E5A-89389B6182E5}"
EndProject
Project("{8BC9CEB8-8B4A-11D0-8D11-00A0C91BC942}") = "lua", "3rdpartd\lua\lua.vcxproj", "{7D8E9F1F-6F62-443C-91C6-08885B00B0A3}"
EndProject
Project("{8BC9CEB8-8B4A-11D0-8D11-00A0C91BC942}") = "assimp", "3rdpartd\assimp\assimp\assimp.vcxproj", "{5B443DF3-89C5-4B93-9726-EF138E380CDB}"
	ProjectSection(ProjectDependencies) = postProject
		{08F2D1CB-A18A-43A2-ABB6-F4883BCD8AE9} = {08F2D1CB-A18A-43A2-ABB6-F4883BCD8AE9}
	EndProjectSection
EndProject
Project("{8BC9CEB8-8B4A-11D0-8D11-00A0C91BC942}") = "zlibstatic", "3rdpartd\zlib\zlibstatic\zlibstatic.vcxproj", "{08F2D1CB-A18A-43A2-ABB6-F4883BCD8AE9}"
EndProject
Project("{8BC9CEB8-8B4A-11D0-8D11-00A0C91BC942}") = "DirectXTK12", "..\..\DirectXTK12\DirectXTK_Desktop_2019_Win10.vcxproj", "{3E0E8608-CD9B-4C76-AF33-29CA38F2C9F0}"
EndProject
Project("{8BC9CEB8-8B4A-11D0-8D11-00A0C91BC942}") = "freetype", "3rdpartd\freetype\builds\windows\vc2010\freetype.vcxproj", "{78B079BD-9FC7-4B9E-B4A6-96DA0F00248B}"
EndProject
Project("{8BC9CEB8-8B4A-11D0-8D11-00A0C91BC942}") = "WitchcraftEngine", "WitchcraftEngine\WitchcraftEngine.vcxproj", "{DF23F262-18E4-442C-B6CC-60BB6344AA7B}"
	ProjectSection(ProjectDependencies) = postProject
		{3E0E8608-CD9B-4C76-AF33-29CA38F2C9F0} = {3E0E8608-CD9B-4C76-AF33-29CA38F2C9F0}
		{7D8E9F1F-6F62-443C-91C6-08885B00B0A3} = {7D8E9F1F-6F62-443C-91C6-08885B00B0A3}
		{73C7D627-854A-405C-8A3C-BCB8BB306F4D} = {73C7D627-854A-405C-8A3C-BCB8BB306F4D}
		{989168BC-CCCE-312D-9616-9EF22D866E85} = {989168BC-CCCE-312D-9616-9EF22D866E85}
		{78B079BD-9FC7-4B9E-B4A6-96DA0F00248B} = {78B079BD-9FC7-4B9E-B4A6-96DA0F00248B}
		{08F2D1CB-A18A-43A2-ABB6-F4883BCD8AE9} = {08F2D1CB-A18A-43A2-ABB6-F4883BCD8AE9}
		{5B443DF3-89C5-4B93-9726-EF138E380CDB} = {5B443DF3-89C5-4B93-9726-EF138E380CDB}
	EndProjectSection
EndProject
Project("{8BC9CEB8-8B4A-11D0-8D11-00A0C91BC942}") = "flecs_static", "3rdpartd\flecs\MSBuild\flecs_static.vcxproj", "{989168BC-CCCE-312D-9616-9EF22D866E85}"
EndProject
Global
	GlobalSection(SolutionConfigurationPlatforms) = preSolution
		checked|ARM64 = checked|ARM64
		checked|Itanium = checked|Itanium
		checked|x64 = checked|x64
		checked|x86 = checked|x86
		Debug Static|ARM64 = Debug Static|ARM64
		Debug Static|Itanium = Debug Static|Itanium
		Debug Static|x64 = Debug Static|x64
		Debug Static|x86 = Debug Static|x86
		Debug|ARM64 = Debug|ARM64
		Debug|Itanium = Debug|Itanium
		Debug|x64 = Debug|x64
		Debug|x86 = Debug|x86
		MinSizeRel|ARM64 = MinSizeRel|ARM64
		MinSizeRel|Itanium = MinSizeRel|Itanium
		MinSizeRel|x64 = MinSizeRel|x64
		MinSizeRel|x86 = MinSizeRel|x86
		profile|ARM64 = profile|ARM64
		profile|Itanium = profile|Itanium
		profile|x64 = profile|x64
		profile|x86 = profile|x86
		Release Static|ARM64 = Release Static|ARM64
		Release Static|Itanium = Release Static|Itanium
		Release Static|x64 = Release Static|x64
		Release Static|x86 = Release Static|x86
		Release|ARM64 = Release|ARM64
		Release|Itanium = Release|Itanium
		Release|x64 = Release|x64
		Release|x86 = Release|x86
		RelWithDebInfo|ARM64 = RelWithDebInfo|ARM64
		RelWithDebInfo|Itanium = RelWithDebInfo|Itanium
		RelWithDebInfo|x64 = RelWithDebInfo|x64
		RelWithDebInfo|x86 = RelWithDebInfo|x86
	EndGlobalSection
	GlobalSection(ProjectConfigurationPlatforms) = postSolution
		{73C7D627-854A-405C-8A3C-BCB8BB306F4D}.checked|ARM64.ActiveCfg = Debug|x64
		{73C7D627-854A-405C-8A3C-BCB8BB306F4D}.checked|ARM64.Build.0 = Debug|x64
		{73C7D627-854A-405C-8A3C-BCB8BB306F4D}.checked|Itanium.ActiveCfg = Debug|Win32
		{73C7D627-854A-405C-8A3C-BCB8BB306F4D}.checked|Itanium.Build.0 = Debug|Win32
		{73C7D627-854A-405C-8A3C-BCB8BB306F4D}.checked|x64.ActiveCfg = Release|x64
		{73C7D627-854A-405C-8A3C-BCB8BB306F4D}.checked|x64.Build.0 = Release|x64
		{73C7D627-854A-405C-8A3C-BCB8BB306F4D}.checked|x86.ActiveCfg = Release|Win32
		{73C7D627-854A-405C-8A3C-BCB8BB306F4D}.checked|x86.Build.0 = Release|Win32
		{73C7D627-854A-405C-8A3C-BCB8BB306F4D}.Debug Static|ARM64.ActiveCfg = Release|Win32
		{73C7D627-854A-405C-8A3C-BCB8BB306F4D}.Debug Static|ARM64.Build.0 = Release|Win32
		{73C7D627-854A-405C-8A3C-BCB8BB306F4D}.Debug Static|Itanium.ActiveCfg = Release|Win32
		{73C7D627-854A-405C-8A3C-BCB8BB306F4D}.Debug Static|Itanium.Build.0 = Release|Win32
		{73C7D627-854A-405C-8A3C-BCB8BB306F4D}.Debug Static|x64.ActiveCfg = Debug|x64
		{73C7D627-854A-405C-8A3C-BCB8BB306F4D}.Debug Static|x64.Build.0 = Debug|x64
		{73C7D627-854A-405C-8A3C-BCB8BB306F4D}.Debug Static|x86.ActiveCfg = Debug|Win32
		{73C7D627-854A-405C-8A3C-BCB8BB306F4D}.Debug Static|x86.Build.0 = Debug|Win32
		{73C7D627-854A-405C-8A3C-BCB8BB306F4D}.Debug|ARM64.ActiveCfg = Debug|Win32
		{73C7D627-854A-405C-8A3C-BCB8BB306F4D}.Debug|Itanium.ActiveCfg = Debug|Win32
		{73C7D627-854A-405C-8A3C-BCB8BB306F4D}.Debug|x64.ActiveCfg = Debug|x64
		{73C7D627-854A-405C-8A3C-BCB8BB306F4D}.Debug|x64.Build.0 = Debug|x64
		{73C7D627-854A-405C-8A3C-BCB8BB306F4D}.Debug|x86.ActiveCfg = Debug|Win32
		{73C7D627-854A-405C-8A3C-BCB8BB306F4D}.Debug|x86.Build.0 = Debug|Win32
		{73C7D627-854A-405C-8A3C-BCB8BB306F4D}.MinSizeRel|ARM64.ActiveCfg = Debug|x64
		{73C7D627-854A-405C-8A3C-BCB8BB306F4D}.MinSizeRel|ARM64.Build.0 = Debug|x64
		{73C7D627-854A-405C-8A3C-BCB8BB306F4D}.MinSizeRel|Itanium.ActiveCfg = Debug|Win32
		{73C7D627-854A-405C-8A3C-BCB8BB306F4D}.MinSizeRel|Itanium.Build.0 = Debug|Win32
		{73C7D627-854A-405C-8A3C-BCB8BB306F4D}.MinSizeRel|x64.ActiveCfg = Debug|x64
		{73C7D627-854A-405C-8A3C-BCB8BB306F4D}.MinSizeRel|x64.Build.0 = Debug|x64
		{73C7D627-854A-405C-8A3C-BCB8BB306F4D}.MinSizeRel|x86.ActiveCfg = Debug|Win32
		{73C7D627-854A-405C-8A3C-BCB8BB306F4D}.MinSizeRel|x86.Build.0 = Debug|Win32
		{73C7D627-854A-405C-8A3C-BCB8BB306F4D}.profile|ARM64.ActiveCfg = Debug|x64
		{73C7D627-854A-405C-8A3C-BCB8BB306F4D}.profile|ARM64.Build.0 = Debug|x64
		{73C7D627-854A-405C-8A3C-BCB8BB306F4D}.profile|Itanium.ActiveCfg = Debug|Win32
		{73C7D627-854A-405C-8A3C-BCB8BB306F4D}.profile|Itanium.Build.0 = Debug|Win32
		{73C7D627-854A-405C-8A3C-BCB8BB306F4D}.profile|x64.ActiveCfg = Release|x64
		{73C7D627-854A-405C-8A3C-BCB8BB306F4D}.profile|x64.Build.0 = Release|x64
		{73C7D627-854A-405C-8A3C-BCB8BB306F4D}.profile|x86.ActiveCfg = Release|Win32
		{73C7D627-854A-405C-8A3C-BCB8BB306F4D}.profile|x86.Build.0 = Release|Win32
		{73C7D627-854A-405C-8A3C-BCB8BB306F4D}.Release Static|ARM64.ActiveCfg = Release|Win32
		{73C7D627-854A-405C-8A3C-BCB8BB306F4D}.Release Static|ARM64.Build.0 = Release|Win32
		{73C7D627-854A-405C-8A3C-BCB8BB306F4D}.Release Static|Itanium.ActiveCfg = Release|Win32
		{73C7D627-854A-405C-8A3C-BCB8BB306F4D}.Release Static|Itanium.Build.0 = Release|Win32
		{73C7D627-854A-405C-8A3C-BCB8BB306F4D}.Release Static|x64.ActiveCfg = Release|x64
		{73C7D627-854A-405C-8A3C-BCB8BB306F4D}.Release Static|x64.Build.0 = Release|x64
		{73C7D627-854A-405C-8A3C-BCB8BB306F4D}.Release Static|x86.ActiveCfg = Release|Win32
		{73C7D627-854A-405C-8A3C-BCB8BB306F4D}.Release Static|x86.Build.0 = Release|Win32
		{73C7D627-854A-405C-8A3C-BCB8BB306F4D}.Release|ARM64.ActiveCfg = Release|Win32
		{73C7D627-854A-405C-8A3C-BCB8BB306F4D}.Release|Itanium.ActiveCfg = Release|Win32
		{73C7D627-854A-405C-8A3C-BCB8BB306F4D}.Release|x64.ActiveCfg = Release|x64
		{73C7D627-854A-405C-8A3C-BCB8BB306F4D}.Release|x64.Build.0 = Release|x64
		{73C7D627-854A-405C-8A3C-BCB8BB306F4D}.Release|x86.ActiveCfg = Release|Win32
		{73C7D627-854A-405C-8A3C-BCB8BB306F4D}.Release|x86.Build.0 = Release|Win32
		{73C7D627-854A-405C-8A3C-BCB8BB306F4D}.RelWithDebInfo|ARM64.ActiveCfg = Debug|x64
		{73C7D627-854A-405C-8A3C-BCB8BB306F4D}.RelWithDebInfo|ARM64.Build.0 = Debug|x64
		{73C7D627-854A-405C-8A3C-BCB8BB306F4D}.RelWithDebInfo|Itanium.ActiveCfg = Debug|Win32
		{73C7D627-854A-405C-8A3C-BCB8BB306F4D}.RelWithDebInfo|Itanium.Build.0 = Debug|Win32
		{73C7D627-854A-405C-8A3C-BCB8BB306F4D}.RelWithDebInfo|x64.ActiveCfg = Release|x64
		{73C7D627-854A-405C-8A3C-BCB8BB306F4D}.RelWithDebInfo|x64.Build.0 = Release|x64
		{73C7D627-854A-405C-8A3C-BCB8BB306F4D}.RelWithDebInfo|x86.ActiveCfg = Release|Win32
		{73C7D627-854A-405C-8A3C-BCB8BB306F4D}.RelWithDebInfo|x86.Build.0 = Release|Win32
		{7D8E9F1F-6F62-443C-91C6-08885B00B0A3}.checked|ARM64.ActiveCfg = Release|x64
		{7D8E9F1F-6F62-443C-91C6-08885B00B0A3}.checked|ARM64.Build.0 = Release|x64
		{7D8E9F1F-6F62-443C-91C6-08885B00B0A3}.checked|Itanium.ActiveCfg = Release|Win32
		{7D8E9F1F-6F62-443C-91C6-08885B00B0A3}.checked|Itanium.Build.0 = Release|Win32
		{7D8E9F1F-6F62-443C-91C6-08885B00B0A3}.checked|x64.ActiveCfg = Debug|x64
		{7D8E9F1F-6F62-443C-91C6-08885B00B0A3}.checked|x64.Build.0 = Debug|x64
		{7D8E9F1F-6F62-443C-91C6-08885B00B0A3}.checked|x86.ActiveCfg = Debug|Win32
		{7D8E9F1F-6F62-443C-91C6-08885B00B0A3}.checked|x86.Build.0 = Debug|Win32
		{7D8E9F1F-6F62-443C-91C6-08885B00B0A3}.Debug Static|ARM64.ActiveCfg = Debug|Win32
		{7D8E9F1F-6F62-443C-91C6-08885B00B0A3}.Debug Static|ARM64.Build.0 = Debug|Win32
		{7D8E9F1F-6F62-443C-91C6-08885B00B0A3}.Debug Static|Itanium.ActiveCfg = Debug|Win32
		{7D8E9F1F-6F62-443C-91C6-08885B00B0A3}.Debug Static|Itanium.Build.0 = Debug|Win32
		{7D8E9F1F-6F62-443C-91C6-08885B00B0A3}.Debug Static|x64.ActiveCfg = Debug|x64
		{7D8E9F1F-6F62-443C-91C6-08885B00B0A3}.Debug Static|x64.Build.0 = Debug|x64
		{7D8E9F1F-6F62-443C-91C6-08885B00B0A3}.Debug Static|x86.ActiveCfg = Debug|Win32
		{7D8E9F1F-6F62-443C-91C6-08885B00B0A3}.Debug Static|x86.Build.0 = Debug|Win32
		{7D8E9F1F-6F62-443C-91C6-08885B00B0A3}.Debug|ARM64.ActiveCfg = Debug|Win32
		{7D8E9F1F-6F62-443C-91C6-08885B00B0A3}.Debug|Itanium.ActiveCfg = Debug|Win32
		{7D8E9F1F-6F62-443C-91C6-08885B00B0A3}.Debug|x64.ActiveCfg = Debug|x64
		{7D8E9F1F-6F62-443C-91C6-08885B00B0A3}.Debug|x64.Build.0 = Debug|x64
		{7D8E9F1F-6F62-443C-91C6-08885B00B0A3}.Debug|x86.ActiveCfg = Debug|Win32
		{7D8E9F1F-6F62-443C-91C6-08885B00B0A3}.Debug|x86.Build.0 = Debug|Win32
		{7D8E9F1F-6F62-443C-91C6-08885B00B0A3}.MinSizeRel|ARM64.ActiveCfg = Release|x64
		{7D8E9F1F-6F62-443C-91C6-08885B00B0A3}.MinSizeRel|ARM64.Build.0 = Release|x64
		{7D8E9F1F-6F62-443C-91C6-08885B00B0A3}.MinSizeRel|Itanium.ActiveCfg = Release|Win32
		{7D8E9F1F-6F62-443C-91C6-08885B00B0A3}.MinSizeRel|Itanium.Build.0 = Release|Win32
		{7D8E9F1F-6F62-443C-91C6-08885B00B0A3}.MinSizeRel|x64.ActiveCfg = Debug|x64
		{7D8E9F1F-6F62-443C-91C6-08885B00B0A3}.MinSizeRel|x64.Build.0 = Debug|x64
		{7D8E9F1F-6F62-443C-91C6-08885B00B0A3}.MinSizeRel|x86.ActiveCfg = Debug|Win32
		{7D8E9F1F-6F62-443C-91C6-08885B00B0A3}.MinSizeRel|x86.Build.0 = Debug|Win32
		{7D8E9F1F-6F62-443C-91C6-08885B00B0A3}.profile|ARM64.ActiveCfg = Release|x64
		{7D8E9F1F-6F62-443C-91C6-08885B00B0A3}.profile|ARM64.Build.0 = Release|x64
		{7D8E9F1F-6F62-443C-91C6-08885B00B0A3}.profile|Itanium.ActiveCfg = Release|Win32
		{7D8E9F1F-6F62-443C-91C6-08885B00B0A3}.profile|Itanium.Build.0 = Release|Win32
		{7D8E9F1F-6F62-443C-91C6-08885B00B0A3}.profile|x64.ActiveCfg = Debug|x64
		{7D8E9F1F-6F62-443C-91C6-08885B00B0A3}.profile|x64.Build.0 = Debug|x64
		{7D8E9F1F-6F62-443C-91C6-08885B00B0A3}.profile|x86.ActiveCfg = Debug|Win32
		{7D8E9F1F-6F62-443C-91C6-08885B00B0A3}.profile|x86.Build.0 = Debug|Win32
		{7D8E9F1F-6F62-443C-91C6-08885B00B0A3}.Release Static|ARM64.ActiveCfg = Debug|Win32
		{7D8E9F1F-6F62-443C-91C6-08885B00B0A3}.Release Static|ARM64.Build.0 = Debug|Win32
		{7D8E9F1F-6F62-443C-91C6-08885B00B0A3}.Release Static|Itanium.ActiveCfg = Debug|Win32
		{7D8E9F1F-6F62-443C-91C6-08885B00B0A3}.Release Static|Itanium.Build.0 = Debug|Win32
		{7D8E9F1F-6F62-443C-91C6-08885B00B0A3}.Release Static|x64.ActiveCfg = Release|x64
		{7D8E9F1F-6F62-443C-91C6-08885B00B0A3}.Release Static|x64.Build.0 = Release|x64
		{7D8E9F1F-6F62-443C-91C6-08885B00B0A3}.Release Static|x86.ActiveCfg = Release|Win32
		{7D8E9F1F-6F62-443C-91C6-08885B00B0A3}.Release Static|x86.Build.0 = Release|Win32
		{7D8E9F1F-6F62-443C-91C6-08885B00B0A3}.Release|ARM64.ActiveCfg = Release|Win32
		{7D8E9F1F-6F62-443C-91C6-08885B00B0A3}.Release|Itanium.ActiveCfg = Release|Win32
		{7D8E9F1F-6F62-443C-91C6-08885B00B0A3}.Release|x64.ActiveCfg = Release|x64
		{7D8E9F1F-6F62-443C-91C6-08885B00B0A3}.Release|x64.Build.0 = Release|x64
		{7D8E9F1F-6F62-443C-91C6-08885B00B0A3}.Release|x86.ActiveCfg = Release|Win32
		{7D8E9F1F-6F62-443C-91C6-08885B00B0A3}.Release|x86.Build.0 = Release|Win32
		{7D8E9F1F-6F62-443C-91C6-08885B00B0A3}.RelWithDebInfo|ARM64.ActiveCfg = Release|x64
		{7D8E9F1F-6F62-443C-91C6-08885B00B0A3}.RelWithDebInfo|ARM64.Build.0 = Release|x64
		{7D8E9F1F-6F62-443C-91C6-08885B00B0A3}.RelWithDebInfo|Itanium.ActiveCfg = Release|Win32
		{7D8E9F1F-6F62-443C-91C6-08885B00B0A3}.RelWithDebInfo|Itanium.Build.0 = Release|Win32
		{7D8E9F1F-6F62-443C-91C6-08885B00B0A3}.RelWithDebInfo|x64.ActiveCfg = Release|x64
		{7D8E9F1F-6F62-443C-91C6-08885B00B0A3}.RelWithDebInfo|x64.Build.0 = Release|x64
		{7D8E9F1F-6F62-443C-91C6-08885B00B0A3}.RelWithDebInfo|x86.ActiveCfg = Release|Win32
		{7D8E9F1F-6F62-443C-91C6-08885B00B0A3}.RelWithDebInfo|x86.Build.0 = Release|Win32
		{5B443DF3-89C5-4B93-9726-EF138E380CDB}.checked|ARM64.ActiveCfg = Release|x64
		{5B443DF3-89C5-4B93-9726-EF138E380CDB}.checked|ARM64.Build.0 = Release|x64
		{5B443DF3-89C5-4B93-9726-EF138E380CDB}.checked|Itanium.ActiveCfg = Debug|Win32
		{5B443DF3-89C5-4B93-9726-EF138E380CDB}.checked|Itanium.Build.0 = Debug|Win32
		{5B443DF3-89C5-4B93-9726-EF138E380CDB}.checked|x64.ActiveCfg = Debug|x64
		{5B443DF3-89C5-4B93-9726-EF138E380CDB}.checked|x64.Build.0 = Debug|x64
		{5B443DF3-89C5-4B93-9726-EF138E380CDB}.checked|x86.ActiveCfg = Debug|Win32
		{5B443DF3-89C5-4B93-9726-EF138E380CDB}.checked|x86.Build.0 = Debug|Win32
		{5B443DF3-89C5-4B93-9726-EF138E380CDB}.Debug Static|ARM64.ActiveCfg = Release|Win32
		{5B443DF3-89C5-4B93-9726-EF138E380CDB}.Debug Static|ARM64.Build.0 = Release|Win32
		{5B443DF3-89C5-4B93-9726-EF138E380CDB}.Debug Static|Itanium.ActiveCfg = Release|Win32
		{5B443DF3-89C5-4B93-9726-EF138E380CDB}.Debug Static|Itanium.Build.0 = Release|Win32
		{5B443DF3-89C5-4B93-9726-EF138E380CDB}.Debug Static|x64.ActiveCfg = Debug|x64
		{5B443DF3-89C5-4B93-9726-EF138E380CDB}.Debug Static|x64.Build.0 = Debug|x64
		{5B443DF3-89C5-4B93-9726-EF138E380CDB}.Debug Static|x86.ActiveCfg = Debug|Win32
		{5B443DF3-89C5-4B93-9726-EF138E380CDB}.Debug Static|x86.Build.0 = Debug|Win32
		{5B443DF3-89C5-4B93-9726-EF138E380CDB}.Debug|ARM64.ActiveCfg = Debug|Win32
		{5B443DF3-89C5-4B93-9726-EF138E380CDB}.Debug|Itanium.ActiveCfg = Debug|Win32
		{5B443DF3-89C5-4B93-9726-EF138E380CDB}.Debug|x64.ActiveCfg = Debug|x64
		{5B443DF3-89C5-4B93-9726-EF138E380CDB}.Debug|x64.Build.0 = Debug|x64
		{5B443DF3-89C5-4B93-9726-EF138E380CDB}.Debug|x86.ActiveCfg = Debug|Win32
		{5B443DF3-89C5-4B93-9726-EF138E380CDB}.Debug|x86.Build.0 = Debug|Win32
		{5B443DF3-89C5-4B93-9726-EF138E380CDB}.MinSizeRel|ARM64.ActiveCfg = Release|x64
		{5B443DF3-89C5-4B93-9726-EF138E380CDB}.MinSizeRel|ARM64.Build.0 = Release|x64
		{5B443DF3-89C5-4B93-9726-EF138E380CDB}.MinSizeRel|Itanium.ActiveCfg = Debug|Win32
		{5B443DF3-89C5-4B93-9726-EF138E380CDB}.MinSizeRel|Itanium.Build.0 = Debug|Win32
		{5B443DF3-89C5-4B93-9726-EF138E380CDB}.MinSizeRel|x64.ActiveCfg = Debug|x64
		{5B443DF3-89C5-4B93-9726-EF138E380CDB}.MinSizeRel|x64.Build.0 = Debug|x64
		{5B443DF3-89C5-4B93-9726-EF138E380CDB}.MinSizeRel|x86.ActiveCfg = Debug|Win32
		{5B443DF3-89C5-4B93-9726-EF138E380CDB}.MinSizeRel|x86.Build.0 = Debug|Win32
		{5B443DF3-89C5-4B93-9726-EF138E380CDB}.profile|ARM64.ActiveCfg = Release|x64
		{5B443DF3-89C5-4B93-9726-EF138E380CDB}.profile|ARM64.Build.0 = Release|x64
		{5B443DF3-89C5-4B93-9726-EF138E380CDB}.profile|Itanium.ActiveCfg = Debug|Win32
		{5B443DF3-89C5-4B93-9726-EF138E380CDB}.profile|Itanium.Build.0 = Debug|Win32
		{5B443DF3-89C5-4B93-9726-EF138E380CDB}.profile|x64.ActiveCfg = Debug|x64
		{5B443DF3-89C5-4B93-9726-EF138E380CDB}.profile|x64.Build.0 = Debug|x64
		{5B443DF3-89C5-4B93-9726-EF138E380CDB}.profile|x86.ActiveCfg = Debug|Win32
		{5B443DF3-89C5-4B93-9726-EF138E380CDB}.profile|x86.Build.0 = Debug|Win32
		{5B443DF3-89C5-4B93-9726-EF138E380CDB}.Release Static|ARM64.ActiveCfg = Release|Win32
		{5B443DF3-89C5-4B93-9726-EF138E380CDB}.Release Static|ARM64.Build.0 = Release|Win32
		{5B443DF3-89C5-4B93-9726-EF138E380CDB}.Release Static|Itanium.ActiveCfg = Release|Win32
		{5B443DF3-89C5-4B93-9726-EF138E380CDB}.Release Static|Itanium.Build.0 = Release|Win32
		{5B443DF3-89C5-4B93-9726-EF138E380CDB}.Release Static|x64.ActiveCfg = Release|x64
		{5B443DF3-89C5-4B93-9726-EF138E380CDB}.Release Static|x64.Build.0 = Release|x64
		{5B443DF3-89C5-4B93-9726-EF138E380CDB}.Release Static|x86.ActiveCfg = Release|Win32
		{5B443DF3-89C5-4B93-9726-EF138E380CDB}.Release Static|x86.Build.0 = Release|Win32
		{5B443DF3-89C5-4B93-9726-EF138E380CDB}.Release|ARM64.ActiveCfg = Release|Win32
		{5B443DF3-89C5-4B93-9726-EF138E380CDB}.Release|Itanium.ActiveCfg = Release|Win32
		{5B443DF3-89C5-4B93-9726-EF138E380CDB}.Release|x64.ActiveCfg = Release|x64
		{5B443DF3-89C5-4B93-9726-EF138E380CDB}.Release|x64.Build.0 = Release|x64
		{5B443DF3-89C5-4B93-9726-EF138E380CDB}.Release|x86.ActiveCfg = Release|Win32
		{5B443DF3-89C5-4B93-9726-EF138E380CDB}.Release|x86.Build.0 = Release|Win32
		{5B443DF3-89C5-4B93-9726-EF138E380CDB}.RelWithDebInfo|ARM64.ActiveCfg = Release|x64
		{5B443DF3-89C5-4B93-9726-EF138E380CDB}.RelWithDebInfo|ARM64.Build.0 = Release|x64
		{5B443DF3-89C5-4B93-9726-EF138E380CDB}.RelWithDebInfo|Itanium.ActiveCfg = Debug|Win32
		{5B443DF3-89C5-4B93-9726-EF138E380CDB}.RelWithDebInfo|Itanium.Build.0 = Debug|Win32
		{5B443DF3-89C5-4B93-9726-EF138E380CDB}.RelWithDebInfo|x64.ActiveCfg = Release|x64
		{5B443DF3-89C5-4B93-9726-EF138E380CDB}.RelWithDebInfo|x64.Build.0 = Release|x64
		{5B443DF3-89C5-4B93-9726-EF138E380CDB}.RelWithDebInfo|x86.ActiveCfg = Release|Win32
		{5B443DF3-89C5-4B93-9726-EF138E380CDB}.RelWithDebInfo|x86.Build.0 = Release|Win32
		{08F2D1CB-A18A-43A2-ABB6-F4883BCD8AE9}.checked|ARM64.ActiveCfg = Release|x64
		{08F2D1CB-A18A-43A2-ABB6-F4883BCD8AE9}.checked|ARM64.Build.0 = Release|x64
		{08F2D1CB-A18A-43A2-ABB6-F4883BCD8AE9}.checked|Itanium.ActiveCfg = Debug|Win32
		{08F2D1CB-A18A-43A2-ABB6-F4883BCD8AE9}.checked|Itanium.Build.0 = Debug|Win32
		{08F2D1CB-A18A-43A2-ABB6-F4883BCD8AE9}.checked|x64.ActiveCfg = Debug|x64
		{08F2D1CB-A18A-43A2-ABB6-F4883BCD8AE9}.checked|x64.Build.0 = Debug|x64
		{08F2D1CB-A18A-43A2-ABB6-F4883BCD8AE9}.checked|x86.ActiveCfg = Debug|Win32
		{08F2D1CB-A18A-43A2-ABB6-F4883BCD8AE9}.checked|x86.Build.0 = Debug|Win32
		{08F2D1CB-A18A-43A2-ABB6-F4883BCD8AE9}.Debug Static|ARM64.ActiveCfg = Release|Win32
		{08F2D1CB-A18A-43A2-ABB6-F4883BCD8AE9}.Debug Static|ARM64.Build.0 = Release|Win32
		{08F2D1CB-A18A-43A2-ABB6-F4883BCD8AE9}.Debug Static|Itanium.ActiveCfg = Release|Win32
		{08F2D1CB-A18A-43A2-ABB6-F4883BCD8AE9}.Debug Static|Itanium.Build.0 = Release|Win32
		{08F2D1CB-A18A-43A2-ABB6-F4883BCD8AE9}.Debug Static|x64.ActiveCfg = Debug|x64
		{08F2D1CB-A18A-43A2-ABB6-F4883BCD8AE9}.Debug Static|x64.Build.0 = Debug|x64
		{08F2D1CB-A18A-43A2-ABB6-F4883BCD8AE9}.Debug Static|x86.ActiveCfg = Debug|Win32
		{08F2D1CB-A18A-43A2-ABB6-F4883BCD8AE9}.Debug Static|x86.Build.0 = Debug|Win32
		{08F2D1CB-A18A-43A2-ABB6-F4883BCD8AE9}.Debug|ARM64.ActiveCfg = Debug|Win32
		{08F2D1CB-A18A-43A2-ABB6-F4883BCD8AE9}.Debug|Itanium.ActiveCfg = Debug|Win32
		{08F2D1CB-A18A-43A2-ABB6-F4883BCD8AE9}.Debug|x64.ActiveCfg = Debug|x64
		{08F2D1CB-A18A-43A2-ABB6-F4883BCD8AE9}.Debug|x64.Build.0 = Debug|x64
		{08F2D1CB-A18A-43A2-ABB6-F4883BCD8AE9}.Debug|x86.ActiveCfg = Debug|Win32
		{08F2D1CB-A18A-43A2-ABB6-F4883BCD8AE9}.Debug|x86.Build.0 = Debug|Win32
		{08F2D1CB-A18A-43A2-ABB6-F4883BCD8AE9}.MinSizeRel|ARM64.ActiveCfg = Release|x64
		{08F2D1CB-A18A-43A2-ABB6-F4883BCD8AE9}.MinSizeRel|ARM64.Build.0 = Release|x64
		{08F2D1CB-A18A-43A2-ABB6-F4883BCD8AE9}.MinSizeRel|Itanium.ActiveCfg = Debug|Win32
		{08F2D1CB-A18A-43A2-ABB6-F4883BCD8AE9}.MinSizeRel|Itanium.Build.0 = Debug|Win32
		{08F2D1CB-A18A-43A2-ABB6-F4883BCD8AE9}.MinSizeRel|x64.ActiveCfg = Debug|x64
		{08F2D1CB-A18A-43A2-ABB6-F4883BCD8AE9}.MinSizeRel|x64.Build.0 = Debug|x64
		{08F2D1CB-A18A-43A2-ABB6-F4883BCD8AE9}.MinSizeRel|x86.ActiveCfg = Debug|Win32
		{08F2D1CB-A18A-43A2-ABB6-F4883BCD8AE9}.MinSizeRel|x86.Build.0 = Debug|Win32
		{08F2D1CB-A18A-43A2-ABB6-F4883BCD8AE9}.profile|ARM64.ActiveCfg = Release|x64
		{08F2D1CB-A18A-43A2-ABB6-F4883BCD8AE9}.profile|ARM64.Build.0 = Release|x64
		{08F2D1CB-A18A-43A2-ABB6-F4883BCD8AE9}.profile|Itanium.ActiveCfg = Debug|Win32
		{08F2D1CB-A18A-43A2-ABB6-F4883BCD8AE9}.profile|Itanium.Build.0 = Debug|Win32
		{08F2D1CB-A18A-43A2-ABB6-F4883BCD8AE9}.profile|x64.ActiveCfg = Debug|x64
		{08F2D1CB-A18A-43A2-ABB6-F4883BCD8AE9}.profile|x64.Build.0 = Debug|x64
		{08F2D1CB-A18A-43A2-ABB6-F4883BCD8AE9}.profile|x86.ActiveCfg = Debug|Win32
		{08F2D1CB-A18A-43A2-ABB6-F4883BCD8AE9}.profile|x86.Build.0 = Debug|Win32
		{08F2D1CB-A18A-43A2-ABB6-F4883BCD8AE9}.Release Static|ARM64.ActiveCfg = Release|Win32
		{08F2D1CB-A18A-43A2-ABB6-F4883BCD8AE9}.Release Static|ARM64.Build.0 = Release|Win32
		{08F2D1CB-A18A-43A2-ABB6-F4883BCD8AE9}.Release Static|Itanium.ActiveCfg = Release|Win32
		{08F2D1CB-A18A-43A2-ABB6-F4883BCD8AE9}.Release Static|Itanium.Build.0 = Release|Win32
		{08F2D1CB-A18A-43A2-ABB6-F4883BCD8AE9}.Release Static|x64.ActiveCfg = Release|x64
		{08F2D1CB-A18A-43A2-ABB6-F4883BCD8AE9}.Release Static|x64.Build.0 = Release|x64
		{08F2D1CB-A18A-43A2-ABB6-F4883BCD8AE9}.Release Static|x86.ActiveCfg = Release|Win32
		{08F2D1CB-A18A-43A2-ABB6-F4883BCD8AE9}.Release Static|x86.Build.0 = Release|Win32
		{08F2D1CB-A18A-43A2-ABB6-F4883BCD8AE9}.Release|ARM64.ActiveCfg = Release|Win32
		{08F2D1CB-A18A-43A2-ABB6-F4883BCD8AE9}.Release|Itanium.ActiveCfg = Release|Win32
		{08F2D1CB-A18A-43A2-ABB6-F4883BCD8AE9}.Release|x64.ActiveCfg = Release|x64
		{08F2D1CB-A18A-43A2-ABB6-F4883BCD8AE9}.Release|x64.Build.0 = Release|x64
		{08F2D1CB-A18A-43A2-ABB6-F4883BCD8AE9}.Release|x86.ActiveCfg = Release|Win32
		{08F2D1CB-A18A-43A2-ABB6-F4883BCD8AE9}.Release|x86.Build.0 = Release|Win32
		{08F2D1CB-A18A-43A2-ABB6-F4883BCD8AE9}.RelWithDebInfo|ARM64.ActiveCfg = Release|x64
		{08F2D1CB-A18A-43A2-ABB6-F4883BCD8AE9}.RelWithDebInfo|ARM64.Build.0 = Release|x64
		{08F2D1CB-A18A-43A2-ABB6-F4883BCD8AE9}.RelWithDebInfo|Itanium.ActiveCfg = Debug|Win32
		{08F2D1CB-A18A-43A2-ABB6-F4883BCD8AE9}.RelWithDebInfo|Itanium.Build.0 = Debug|Win32
		{08F2D1CB-A18A-43A2-ABB6-F4883BCD8AE9}.RelWithDebInfo|x64.ActiveCfg = Release|x64
		{08F2D1CB-A18A-43A2-ABB6-F4883BCD8AE9}.RelWithDebInfo|x64.Build.0 = Release|x64
		{08F2D1CB-A18A-43A2-ABB6-F4883BCD8AE9}.RelWithDebInfo|x86.ActiveCfg = Release|Win32
		{08F2D1CB-A18A-43A2-ABB6-F4883BCD8AE9}.RelWithDebInfo|x86.Build.0 = Release|Win32
		{3E0E8608-CD9B-4C76-AF33-29CA38F2C9F0}.checked|ARM64.ActiveCfg = Debug|ARM64
		{3E0E8608-CD9B-4C76-AF33-29CA38F2C9F0}.checked|ARM64.Build.0 = Debug|ARM64
		{3E0E8608-CD9B-4C76-AF33-29CA38F2C9F0}.checked|Itanium.ActiveCfg = Debug|Win32
		{3E0E8608-CD9B-4C76-AF33-29CA38F2C9F0}.checked|Itanium.Build.0 = Debug|Win32
		{3E0E8608-CD9B-4C76-AF33-29CA38F2C9F0}.checked|x64.ActiveCfg = Debug|x64
		{3E0E8608-CD9B-4C76-AF33-29CA38F2C9F0}.checked|x64.Build.0 = Debug|x64
		{3E0E8608-CD9B-4C76-AF33-29CA38F2C9F0}.checked|x86.ActiveCfg = Debug|Win32
		{3E0E8608-CD9B-4C76-AF33-29CA38F2C9F0}.checked|x86.Build.0 = Debug|Win32
		{3E0E8608-CD9B-4C76-AF33-29CA38F2C9F0}.Debug Static|ARM64.ActiveCfg = Debug|ARM64
		{3E0E8608-CD9B-4C76-AF33-29CA38F2C9F0}.Debug Static|ARM64.Build.0 = Debug|ARM64
		{3E0E8608-CD9B-4C76-AF33-29CA38F2C9F0}.Debug Static|Itanium.ActiveCfg = Release|x64
		{3E0E8608-CD9B-4C76-AF33-29CA38F2C9F0}.Debug Static|Itanium.Build.0 = Release|x64
		{3E0E8608-CD9B-4C76-AF33-29CA38F2C9F0}.Debug Static|x64.ActiveCfg = Debug|x64
		{3E0E8608-CD9B-4C76-AF33-29CA38F2C9F0}.Debug Static|x64.Build.0 = Debug|x64
		{3E0E8608-CD9B-4C76-AF33-29CA38F2C9F0}.Debug Static|x86.ActiveCfg = Debug|Win32
		{3E0E8608-CD9B-4C76-AF33-29CA38F2C9F0}.Debug Static|x86.Build.0 = Debug|Win32
		{3E0E8608-CD9B-4C76-AF33-29CA38F2C9F0}.Debug|ARM64.ActiveCfg = Debug|ARM64
		{3E0E8608-CD9B-4C76-AF33-29CA38F2C9F0}.Debug|ARM64.Build.0 = Debug|ARM64
		{3E0E8608-CD9B-4C76-AF33-29CA38F2C9F0}.Debug|Itanium.ActiveCfg = Debug|Win32
		{3E0E8608-CD9B-4C76-AF33-29CA38F2C9F0}.Debug|x64.ActiveCfg = Debug|x64
		{3E0E8608-CD9B-4C76-AF33-29CA38F2C9F0}.Debug|x64.Build.0 = Debug|x64
		{3E0E8608-CD9B-4C76-AF33-29CA38F2C9F0}.Debug|x86.ActiveCfg = Debug|Win32
		{3E0E8608-CD9B-4C76-AF33-29CA38F2C9F0}.Debug|x86.Build.0 = Debug|Win32
		{3E0E8608-CD9B-4C76-AF33-29CA38F2C9F0}.MinSizeRel|ARM64.ActiveCfg = Debug|ARM64
		{3E0E8608-CD9B-4C76-AF33-29CA38F2C9F0}.MinSizeRel|ARM64.Build.0 = Debug|ARM64
		{3E0E8608-CD9B-4C76-AF33-29CA38F2C9F0}.MinSizeRel|Itanium.ActiveCfg = Debug|Win32
		{3E0E8608-CD9B-4C76-AF33-29CA38F2C9F0}.MinSizeRel|Itanium.Build.0 = Debug|Win32
		{3E0E8608-CD9B-4C76-AF33-29CA38F2C9F0}.MinSizeRel|x64.ActiveCfg = Debug|x64
		{3E0E8608-CD9B-4C76-AF33-29CA38F2C9F0}.MinSizeRel|x64.Build.0 = Debug|x64
		{3E0E8608-CD9B-4C76-AF33-29CA38F2C9F0}.MinSizeRel|x86.ActiveCfg = Debug|Win32
		{3E0E8608-CD9B-4C76-AF33-29CA38F2C9F0}.MinSizeRel|x86.Build.0 = Debug|Win32
		{3E0E8608-CD9B-4C76-AF33-29CA38F2C9F0}.profile|ARM64.ActiveCfg = Debug|ARM64
		{3E0E8608-CD9B-4C76-AF33-29CA38F2C9F0}.profile|ARM64.Build.0 = Debug|ARM64
		{3E0E8608-CD9B-4C76-AF33-29CA38F2C9F0}.profile|Itanium.ActiveCfg = Debug|Win32
		{3E0E8608-CD9B-4C76-AF33-29CA38F2C9F0}.profile|Itanium.Build.0 = Debug|Win32
		{3E0E8608-CD9B-4C76-AF33-29CA38F2C9F0}.profile|x64.ActiveCfg = Debug|x64
		{3E0E8608-CD9B-4C76-AF33-29CA38F2C9F0}.profile|x64.Build.0 = Debug|x64
		{3E0E8608-CD9B-4C76-AF33-29CA38F2C9F0}.profile|x86.ActiveCfg = Debug|Win32
		{3E0E8608-CD9B-4C76-AF33-29CA38F2C9F0}.profile|x86.Build.0 = Debug|Win32
		{3E0E8608-CD9B-4C76-AF33-29CA38F2C9F0}.Release Static|ARM64.ActiveCfg = Release|ARM64
		{3E0E8608-CD9B-4C76-AF33-29CA38F2C9F0}.Release Static|ARM64.Build.0 = Release|ARM64
		{3E0E8608-CD9B-4C76-AF33-29CA38F2C9F0}.Release Static|Itanium.ActiveCfg = Release|x64
		{3E0E8608-CD9B-4C76-AF33-29CA38F2C9F0}.Release Static|Itanium.Build.0 = Release|x64
		{3E0E8608-CD9B-4C76-AF33-29CA38F2C9F0}.Release Static|x64.ActiveCfg = Release|x64
		{3E0E8608-CD9B-4C76-AF33-29CA38F2C9F0}.Release Static|x64.Build.0 = Release|x64
		{3E0E8608-CD9B-4C76-AF33-29CA38F2C9F0}.Release Static|x86.ActiveCfg = Release|Win32
		{3E0E8608-CD9B-4C76-AF33-29CA38F2C9F0}.Release Static|x86.Build.0 = Release|Win32
		{3E0E8608-CD9B-4C76-AF33-29CA38F2C9F0}.Release|ARM64.ActiveCfg = Release|ARM64
		{3E0E8608-CD9B-4C76-AF33-29CA38F2C9F0}.Release|ARM64.Build.0 = Release|ARM64
		{3E0E8608-CD9B-4C76-AF33-29CA38F2C9F0}.Release|Itanium.ActiveCfg = Release|Win32
		{3E0E8608-CD9B-4C76-AF33-29CA38F2C9F0}.Release|x64.ActiveCfg = Release|x64
		{3E0E8608-CD9B-4C76-AF33-29CA38F2C9F0}.Release|x64.Build.0 = Release|x64
		{3E0E8608-CD9B-4C76-AF33-29CA38F2C9F0}.Release|x86.ActiveCfg = Release|Win32
		{3E0E8608-CD9B-4C76-AF33-29CA38F2C9F0}.Release|x86.Build.0 = Release|Win32
		{3E0E8608-CD9B-4C76-AF33-29CA38F2C9F0}.RelWithDebInfo|ARM64.ActiveCfg = Release|ARM64
		{3E0E8608-CD9B-4C76-AF33-29CA38F2C9F0}.RelWithDebInfo|ARM64.Build.0 = Release|ARM64
		{3E0E8608-CD9B-4C76-AF33-29CA38F2C9F0}.RelWithDebInfo|Itanium.ActiveCfg = Debug|Win32
		{3E0E8608-CD9B-4C76-AF33-29CA38F2C9F0}.RelWithDebInfo|Itanium.Build.0 = Debug|Win32
		{3E0E8608-CD9B-4C76-AF33-29CA38F2C9F0}.RelWithDebInfo|x64.ActiveCfg = Release|x64
		{3E0E8608-CD9B-4C76-AF33-29CA38F2C9F0}.RelWithDebInfo|x64.Build.0 = Release|x64
		{3E0E8608-CD9B-4C76-AF33-29CA38F2C9F0}.RelWithDebInfo|x86.ActiveCfg = Release|Win32
		{3E0E8608-CD9B-4C76-AF33-29CA38F2C9F0}.RelWithDebInfo|x86.Build.0 = Release|Win32
		{78B079BD-9FC7-4B9E-B4A6-96DA0F00248B}.checked|ARM64.ActiveCfg = Release Static|ARM64
		{78B079BD-9FC7-4B9E-B4A6-96DA0F00248B}.checked|ARM64.Build.0 = Release Static|ARM64
		{78B079BD-9FC7-4B9E-B4A6-96DA0F00248B}.checked|Itanium.ActiveCfg = Debug|Win32
		{78B079BD-9FC7-4B9E-B4A6-96DA0F00248B}.checked|Itanium.Build.0 = Debug|Win32
		{78B079BD-9FC7-4B9E-B4A6-96DA0F00248B}.checked|x64.ActiveCfg = Release Static|x64
		{78B079BD-9FC7-4B9E-B4A6-96DA0F00248B}.checked|x64.Build.0 = Release Static|x64
		{78B079BD-9FC7-4B9E-B4A6-96DA0F00248B}.checked|x86.ActiveCfg = Debug|Win32
		{78B079BD-9FC7-4B9E-B4A6-96DA0F00248B}.checked|x86.Build.0 = Debug|Win32
		{78B079BD-9FC7-4B9E-B4A6-96DA0F00248B}.Debug Static|ARM64.ActiveCfg = Debug Static|ARM64
		{78B079BD-9FC7-4B9E-B4A6-96DA0F00248B}.Debug Static|ARM64.Build.0 = Debug Static|ARM64
		{78B079BD-9FC7-4B9E-B4A6-96DA0F00248B}.Debug Static|Itanium.ActiveCfg = Debug Static|Win32
		{78B079BD-9FC7-4B9E-B4A6-96DA0F00248B}.Debug Static|x64.ActiveCfg = Debug Static|x64
		{78B079BD-9FC7-4B9E-B4A6-96DA0F00248B}.Debug Static|x64.Build.0 = Debug Static|x64
		{78B079BD-9FC7-4B9E-B4A6-96DA0F00248B}.Debug Static|x86.ActiveCfg = Debug Static|Win32
		{78B079BD-9FC7-4B9E-B4A6-96DA0F00248B}.Debug Static|x86.Build.0 = Debug Static|Win32
		{78B079BD-9FC7-4B9E-B4A6-96DA0F00248B}.Debug|ARM64.ActiveCfg = Debug|ARM64
		{78B079BD-9FC7-4B9E-B4A6-96DA0F00248B}.Debug|ARM64.Build.0 = Debug|ARM64
		{78B079BD-9FC7-4B9E-B4A6-96DA0F00248B}.Debug|Itanium.ActiveCfg = Debug|Win32
		{78B079BD-9FC7-4B9E-B4A6-96DA0F00248B}.Debug|x64.ActiveCfg = Debug|x64
		{78B079BD-9FC7-4B9E-B4A6-96DA0F00248B}.Debug|x64.Build.0 = Debug|x64
		{78B079BD-9FC7-4B9E-B4A6-96DA0F00248B}.Debug|x86.ActiveCfg = Debug|Win32
		{78B079BD-9FC7-4B9E-B4A6-96DA0F00248B}.Debug|x86.Build.0 = Debug|Win32
		{78B079BD-9FC7-4B9E-B4A6-96DA0F00248B}.MinSizeRel|ARM64.ActiveCfg = Release Static|ARM64
		{78B079BD-9FC7-4B9E-B4A6-96DA0F00248B}.MinSizeRel|ARM64.Build.0 = Release Static|ARM64
		{78B079BD-9FC7-4B9E-B4A6-96DA0F00248B}.MinSizeRel|Itanium.ActiveCfg = Debug|Win32
		{78B079BD-9FC7-4B9E-B4A6-96DA0F00248B}.MinSizeRel|Itanium.Build.0 = Debug|Win32
		{78B079BD-9FC7-4B9E-B4A6-96DA0F00248B}.MinSizeRel|x64.ActiveCfg = Release Static|x64
		{78B079BD-9FC7-4B9E-B4A6-96DA0F00248B}.MinSizeRel|x64.Build.0 = Release Static|x64
		{78B079BD-9FC7-4B9E-B4A6-96DA0F00248B}.MinSizeRel|x86.ActiveCfg = Debug|Win32
		{78B079BD-9FC7-4B9E-B4A6-96DA0F00248B}.MinSizeRel|x86.Build.0 = Debug|Win32
		{78B079BD-9FC7-4B9E-B4A6-96DA0F00248B}.profile|ARM64.ActiveCfg = Release Static|ARM64
		{78B079BD-9FC7-4B9E-B4A6-96DA0F00248B}.profile|ARM64.Build.0 = Release Static|ARM64
		{78B079BD-9FC7-4B9E-B4A6-96DA0F00248B}.profile|Itanium.ActiveCfg = Debug|Win32
		{78B079BD-9FC7-4B9E-B4A6-96DA0F00248B}.profile|Itanium.Build.0 = Debug|Win32
		{78B079BD-9FC7-4B9E-B4A6-96DA0F00248B}.profile|x64.ActiveCfg = Release Static|x64
		{78B079BD-9FC7-4B9E-B4A6-96DA0F00248B}.profile|x64.Build.0 = Release Static|x64
		{78B079BD-9FC7-4B9E-B4A6-96DA0F00248B}.profile|x86.ActiveCfg = Debug|Win32
		{78B079BD-9FC7-4B9E-B4A6-96DA0F00248B}.profile|x86.Build.0 = Debug|Win32
		{78B079BD-9FC7-4B9E-B4A6-96DA0F00248B}.Release Static|ARM64.ActiveCfg = Release Static|ARM64
		{78B079BD-9FC7-4B9E-B4A6-96DA0F00248B}.Release Static|ARM64.Build.0 = Release Static|ARM64
		{78B079BD-9FC7-4B9E-B4A6-96DA0F00248B}.Release Static|Itanium.ActiveCfg = Release Static|Win32
		{78B079BD-9FC7-4B9E-B4A6-96DA0F00248B}.Release Static|x64.ActiveCfg = Release Static|x64
		{78B079BD-9FC7-4B9E-B4A6-96DA0F00248B}.Release Static|x64.Build.0 = Release Static|x64
		{78B079BD-9FC7-4B9E-B4A6-96DA0F00248B}.Release Static|x86.ActiveCfg = Release Static|Win32
		{78B079BD-9FC7-4B9E-B4A6-96DA0F00248B}.Release Static|x86.Build.0 = Release Static|Win32
		{78B079BD-9FC7-4B9E-B4A6-96DA0F00248B}.Release|ARM64.ActiveCfg = Release|ARM64
		{78B079BD-9FC7-4B9E-B4A6-96DA0F00248B}.Release|ARM64.Build.0 = Release|ARM64
		{78B079BD-9FC7-4B9E-B4A6-96DA0F00248B}.Release|Itanium.ActiveCfg = Release|Win32
		{78B079BD-9FC7-4B9E-B4A6-96DA0F00248B}.Release|x64.ActiveCfg = Release|x64
		{78B079BD-9FC7-4B9E-B4A6-96DA0F00248B}.Release|x64.Build.0 = Release|x64
		{78B079BD-9FC7-4B9E-B4A6-96DA0F00248B}.Release|x86.ActiveCfg = Release|Win32
		{78B079BD-9FC7-4B9E-B4A6-96DA0F00248B}.Release|x86.Build.0 = Release|Win32
		{78B079BD-9FC7-4B9E-B4A6-96DA0F00248B}.RelWithDebInfo|ARM64.ActiveCfg = Release Static|ARM64
		{78B079BD-9FC7-4B9E-B4A6-96DA0F00248B}.RelWithDebInfo|ARM64.Build.0 = Release Static|ARM64
		{78B079BD-9FC7-4B9E-B4A6-96DA0F00248B}.RelWithDebInfo|Itanium.ActiveCfg = Debug|Win32
		{78B079BD-9FC7-4B9E-B4A6-96DA0F00248B}.RelWithDebInfo|Itanium.Build.0 = Debug|Win32
		{78B079BD-9FC7-4B9E-B4A6-96DA0F00248B}.RelWithDebInfo|x64.ActiveCfg = Release Static|x64
		{78B079BD-9FC7-4B9E-B4A6-96DA0F00248B}.RelWithDebInfo|x64.Build.0 = Release Static|x64
		{78B079BD-9FC7-4B9E-B4A6-96DA0F00248B}.RelWithDebInfo|x86.ActiveCfg = Release Static|Win32
		{78B079BD-9FC7-4B9E-B4A6-96DA0F00248B}.RelWithDebInfo|x86.Build.0 = Release Static|Win32
		{DF23F262-18E4-442C-B6CC-60BB6344AA7B}.checked|ARM64.ActiveCfg = Debug|Win32
		{DF23F262-18E4-442C-B6CC-60BB6344AA7B}.checked|ARM64.Build.0 = Debug|Win32
		{DF23F262-18E4-442C-B6CC-60BB6344AA7B}.checked|Itanium.ActiveCfg = Debug|Win32
		{DF23F262-18E4-442C-B6CC-60BB6344AA7B}.checked|Itanium.Build.0 = Debug|Win32
		{DF23F262-18E4-442C-B6CC-60BB6344AA7B}.checked|x64.ActiveCfg = Debug|x64
		{DF23F262-18E4-442C-B6CC-60BB6344AA7B}.checked|x64.Build.0 = Debug|x64
		{DF23F262-18E4-442C-B6CC-60BB6344AA7B}.checked|x86.ActiveCfg = Debug|Win32
		{DF23F262-18E4-442C-B6CC-60BB6344AA7B}.checked|x86.Build.0 = Debug|Win32
		{DF23F262-18E4-442C-B6CC-60BB6344AA7B}.Debug Static|ARM64.ActiveCfg = Debug|Win32
		{DF23F262-18E4-442C-B6CC-60BB6344AA7B}.Debug Static|ARM64.Build.0 = Debug|Win32
		{DF23F262-18E4-442C-B6CC-60BB6344AA7B}.Debug Static|Itanium.ActiveCfg = Debug|Win32
		{DF23F262-18E4-442C-B6CC-60BB6344AA7B}.Debug Static|Itanium.Build.0 = Debug|Win32
		{DF23F262-18E4-442C-B6CC-60BB6344AA7B}.Debug Static|x64.ActiveCfg = Debug|x64
		{DF23F262-18E4-442C-B6CC-60BB6344AA7B}.Debug Static|x64.Build.0 = Debug|x64
		{DF23F262-18E4-442C-B6CC-60BB6344AA7B}.Debug Static|x86.ActiveCfg = Debug|Win32
		{DF23F262-18E4-442C-B6CC-60BB6344AA7B}.Debug Static|x86.Build.0 = Debug|Win32
		{DF23F262-18E4-442C-B6CC-60BB6344AA7B}.Debug|ARM64.ActiveCfg = Debug|Win32
		{DF23F262-18E4-442C-B6CC-60BB6344AA7B}.Debug|Itanium.ActiveCfg = Debug|Win32
		{DF23F262-18E4-442C-B6CC-60BB6344AA7B}.Debug|x64.ActiveCfg = Debug|x64
		{DF23F262-18E4-442C-B6CC-60BB6344AA7B}.Debug|x64.Build.0 = Debug|x64
		{DF23F262-18E4-442C-B6CC-60BB6344AA7B}.Debug|x86.ActiveCfg = Debug|Win32
		{DF23F262-18E4-442C-B6CC-60BB6344AA7B}.Debug|x86.Build.0 = Debug|Win32
		{DF23F262-18E4-442C-B6CC-60BB6344AA7B}.MinSizeRel|ARM64.ActiveCfg = Debug|Win32
		{DF23F262-18E4-442C-B6CC-60BB6344AA7B}.MinSizeRel|ARM64.Build.0 = Debug|Win32
		{DF23F262-18E4-442C-B6CC-60BB6344AA7B}.MinSizeRel|Itanium.ActiveCfg = Debug|Win32
		{DF23F262-18E4-442C-B6CC-60BB6344AA7B}.MinSizeRel|Itanium.Build.0 = Debug|Win32
		{DF23F262-18E4-442C-B6CC-60BB6344AA7B}.MinSizeRel|x64.ActiveCfg = Debug|x64
		{DF23F262-18E4-442C-B6CC-60BB6344AA7B}.MinSizeRel|x64.Build.0 = Debug|x64
		{DF23F262-18E4-442C-B6CC-60BB6344AA7B}.MinSizeRel|x86.ActiveCfg = Debug|Win32
		{DF23F262-18E4-442C-B6CC-60BB6344AA7B}.MinSizeRel|x86.Build.0 = Debug|Win32
		{DF23F262-18E4-442C-B6CC-60BB6344AA7B}.profile|ARM64.ActiveCfg = Debug|Win32
		{DF23F262-18E4-442C-B6CC-60BB6344AA7B}.profile|ARM64.Build.0 = Debug|Win32
		{DF23F262-18E4-442C-B6CC-60BB6344AA7B}.profile|Itanium.ActiveCfg = Debug|Win32
		{DF23F262-18E4-442C-B6CC-60BB6344AA7B}.profile|Itanium.Build.0 = Debug|Win32
		{DF23F262-18E4-442C-B6CC-60BB6344AA7B}.profile|x64.ActiveCfg = Debug|x64
		{DF23F262-18E4-442C-B6CC-60BB6344AA7B}.profile|x64.Build.0 = Debug|x64
		{DF23F262-18E4-442C-B6CC-60BB6344AA7B}.profile|x86.ActiveCfg = Debug|Win32
		{DF23F262-18E4-442C-B6CC-60BB6344AA7B}.profile|x86.Build.0 = Debug|Win32
		{DF23F262-18E4-442C-B6CC-60BB6344AA7B}.Release Static|ARM64.ActiveCfg = Debug|Win32
		{DF23F262-18E4-442C-B6CC-60BB6344AA7B}.Release Static|ARM64.Build.0 = Debug|Win32
		{DF23F262-18E4-442C-B6CC-60BB6344AA7B}.Release Static|Itanium.ActiveCfg = Debug|Win32
		{DF23F262-18E4-442C-B6CC-60BB6344AA7B}.Release Static|Itanium.Build.0 = Debug|Win32
		{DF23F262-18E4-442C-B6CC-60BB6344AA7B}.Release Static|x64.ActiveCfg = Release|x64
		{DF23F262-18E4-442C-B6CC-60BB6344AA7B}.Release Static|x64.Build.0 = Release|x64
		{DF23F262-18E4-442C-B6CC-60BB6344AA7B}.Release Static|x86.ActiveCfg = Release|Win32
		{DF23F262-18E4-442C-B6CC-60BB6344AA7B}.Release Static|x86.Build.0 = Release|Win32
		{DF23F262-18E4-442C-B6CC-60BB6344AA7B}.Release|ARM64.ActiveCfg = Release|Win32
		{DF23F262-18E4-442C-B6CC-60BB6344AA7B}.Release|Itanium.ActiveCfg = Release|Win32
		{DF23F262-18E4-442C-B6CC-60BB6344AA7B}.Release|x64.ActiveCfg = Release|x64
		{DF23F262-18E4-442C-B6CC-60BB6344AA7B}.Release|x64.Build.0 = Release|x64
		{DF23F262-18E4-442C-B6CC-60BB6344AA7B}.Release|x86.ActiveCfg = Release|Win32
		{DF23F262-18E4-442C-B6CC-60BB6344AA7B}.Release|x86.Build.0 = Release|Win32
		{DF23F262-18E4-442C-B6CC-60BB6344AA7B}.RelWithDebInfo|ARM64.ActiveCfg = Debug|Win32
		{DF23F262-18E4-442C-B6CC-60BB6344AA7B}.RelWithDebInfo|ARM64.Build.0 = Debug|Win32
		{DF23F262-18E4-442C-B6CC-60BB6344AA7B}.RelWithDebInfo|Itanium.ActiveCfg = Debug|Win32
		{DF23F262-18E4-442C-B6CC-60BB6344AA7B}.RelWithDebInfo|Itanium.Build.0 = Debug|Win32
		{DF23F262-18E4-442C-B6CC-60BB6344AA7B}.RelWithDebInfo|x64.ActiveCfg = Release|x64
		{DF23F262-18E4-442C-B6CC-60BB6344AA7B}.RelWithDebInfo|x64.Build.0 = Release|x64
		{DF23F262-18E4-442C-B6CC-60BB6344AA7B}.RelWithDebInfo|x86.ActiveCfg = Release|Win32
		{DF23F262-18E4-442C-B6CC-60BB6344AA7B}.RelWithDebInfo|x86.Build.0 = Release|Win32
		{989168BC-CCCE-312D-9616-9EF22D866E85}.checked|ARM64.ActiveCfg = RelWithDebInfo|x64
		{989168BC-CCCE-312D-9616-9EF22D866E85}.checked|ARM64.Build.0 = RelWithDebInfo|x64
		{989168BC-CCCE-312D-9616-9EF22D866E85}.checked|Itanium.ActiveCfg = RelWithDebInfo|x64
		{989168BC-CCCE-312D-9616-9EF22D866E85}.checked|Itanium.Build.0 = RelWithDebInfo|x64
		{989168BC-CCCE-312D-9616-9EF22D866E85}.checked|x64.ActiveCfg = RelWithDebInfo|x64
		{989168BC-CCCE-312D-9616-9EF22D866E85}.checked|x64.Build.0 = RelWithDebInfo|x64
		{989168BC-CCCE-312D-9616-9EF22D866E85}.checked|x86.ActiveCfg = RelWithDebInfo|x64
		{989168BC-CCCE-312D-9616-9EF22D866E85}.checked|x86.Build.0 = RelWithDebInfo|x64
		{989168BC-CCCE-312D-9616-9EF22D866E85}.Debug Static|ARM64.ActiveCfg = RelWithDebInfo|x64
		{989168BC-CCCE-312D-9616-9EF22D866E85}.Debug Static|ARM64.Build.0 = RelWithDebInfo|x64
		{989168BC-CCCE-312D-9616-9EF22D866E85}.Debug Static|Itanium.ActiveCfg = RelWithDebInfo|x64
		{989168BC-CCCE-312D-9616-9EF22D866E85}.Debug Static|Itanium.Build.0 = RelWithDebInfo|x64
		{989168BC-CCCE-312D-9616-9EF22D866E85}.Debug Static|x64.ActiveCfg = Debug|x64
		{989168BC-CCCE-312D-9616-9EF22D866E85}.Debug Static|x64.Build.0 = Debug|x64
		{989168BC-CCCE-312D-9616-9EF22D866E85}.Debug Static|x86.ActiveCfg = RelWithDebInfo|x64
		{989168BC-CCCE-312D-9616-9EF22D866E85}.Debug Static|x86.Build.0 = RelWithDebInfo|x64
		{989168BC-CCCE-312D-9616-9EF22D866E85}.Debug|ARM64.ActiveCfg = Debug|x64
		{989168BC-CCCE-312D-9616-9EF22D866E85}.Debug|Itanium.ActiveCfg = Debug|x64
		{989168BC-CCCE-312D-9616-9EF22D866E85}.Debug|x64.ActiveCfg = Debug|x64
		{989168BC-CCCE-312D-9616-9EF22D866E85}.Debug|x64.Build.0 = Debug|x64
		{989168BC-CCCE-312D-9616-9EF22D866E85}.Debug|x86.ActiveCfg = Debug|x64
		{989168BC-CCCE-312D-9616-9EF22D866E85}.MinSizeRel|ARM64.ActiveCfg = MinSizeRel|x64
		{989168BC-CCCE-312D-9616-9EF22D866E85}.MinSizeRel|Itanium.ActiveCfg = MinSizeRel|x64
		{989168BC-CCCE-312D-9616-9EF22D866E85}.MinSizeRel|x64.ActiveCfg = MinSizeRel|x64
		{989168BC-CCCE-312D-9616-9EF22D866E85}.MinSizeRel|x64.Build.0 = MinSizeRel|x64
		{989168BC-CCCE-312D-9616-9EF22D866E85}.MinSizeRel|x86.ActiveCfg = MinSizeRel|x64
		{989168BC-CCCE-312D-9616-9EF22D866E85}.profile|ARM64.ActiveCfg = RelWithDebInfo|x64
		{989168BC-CCCE-312D-9616-9EF22D866E85}.profile|ARM64.Build.0 = RelWithDebInfo|x64
		{989168BC-CCCE-312D-9616-9EF22D866E85}.profile|Itanium.ActiveCfg = RelWithDebInfo|x64
		{989168BC-CCCE-312D-9616-9EF22D866E85}.profile|Itanium.Build.0 = RelWithDebInfo|x64
		{989168BC-CCCE-312D-9616-9EF22D866E85}.profile|x64.ActiveCfg = RelWithDebInfo|x64
		{989168BC-CCCE-312D-9616-9EF22D866E85}.profile|x64.Build.0 = RelWithDebInfo|x64
		{989168BC-CCCE-312D-9616-9EF22D866E85}.profile|x86.ActiveCfg = RelWithDebInfo|x64
		{989168BC-CCCE-312D-9616-9EF22D866E85}.profile|x86.Build.0 = RelWithDebInfo|x64
		{989168BC-CCCE-312D-9616-9EF22D866E85}.Release Static|ARM64.ActiveCfg = RelWithDebInfo|x64
		{989168BC-CCCE-312D-9616-9EF22D866E85}.Release Static|ARM64.Build.0 = RelWithDebInfo|x64
		{989168BC-CCCE-312D-9616-9EF22D866E85}.Release Static|Itanium.ActiveCfg = RelWithDebInfo|x64
		{989168BC-CCCE-312D-9616-9EF22D866E85}.Release Static|Itanium.Build.0 = RelWithDebInfo|x64
		{989168BC-CCCE-312D-9616-9EF22D866E85}.Release Static|x64.ActiveCfg = Release|x64
		{989168BC-CCCE-312D-9616-9EF22D866E85}.Release Static|x64.Build.0 = Release|x64
		{989168BC-CCCE-312D-9616-9EF22D866E85}.Release Static|x86.ActiveCfg = RelWithDebInfo|x64
		{989168BC-CCCE-312D-9616-9EF22D866E85}.Release Static|x86.Build.0 = RelWithDebInfo|x64
		{989168BC-CCCE-312D-9616-9EF22D866E85}.Release|ARM64.ActiveCfg = Release|x64
		{989168BC-CCCE-312D-9616-9EF22D866E85}.Release|Itanium.ActiveCfg = Release|x64
		{989168BC-CCCE-312D-9616-9EF22D866E85}.Release|x64.ActiveCfg = Release|x64
		{989168BC-CCCE-312D-9616-9EF22D866E85}.Release|x64.Build.0 = Release|x64
		{989168BC-CCCE-312D-9616-9EF22D866E85}.Release|x86.ActiveCfg = Release|x64
		{989168BC-CCCE-312D-9616-9EF22D866E85}.RelWithDebInfo|ARM64.ActiveCfg = RelWithDebInfo|x64
		{989168BC-CCCE-312D-9616-9EF22D866E85}.RelWithDebInfo|Itanium.ActiveCfg = RelWithDebInfo|x64
		{989168BC-CCCE-312D-9616-9EF22D866E85}.RelWithDebInfo|x64.ActiveCfg = RelWithDebInfo|x64
		{989168BC-CCCE-312D-9616-9EF22D866E85}.RelWithDebInfo|x64.Build.0 = RelWithDebInfo|x64
		{989168BC-CCCE-312D-9616-9EF22D866E85}.RelWithDebInfo|x86.ActiveCfg = RelWithDebInfo|x64
	EndGlobalSection
	GlobalSection(SolutionProperties) = preSolution
		HideSolutionNode = FALSE
	EndGlobalSection
	GlobalSection(NestedProjects) = preSolution
		{73C7D627-854A-405C-8A3C-BCB8BB306F4D} = {AADAD963-5649-44C4-8E5A-89389B6182E5}
		{7D8E9F1F-6F62-443C-91C6-08885B00B0A3} = {AADAD963-5649-44C4-8E5A-89389B6182E5}
		{5B443DF3-89C5-4B93-9726-EF138E380CDB} = {AADAD963-5649-44C4-8E5A-89389B6182E5}
		{08F2D1CB-A18A-43A2-ABB6-F4883BCD8AE9} = {AADAD963-5649-44C4-8E5A-89389B6182E5}
		{3E0E8608-CD9B-4C76-AF33-29CA38F2C9F0} = {AADAD963-5649-44C4-8E5A-89389B6182E5}
		{78B079BD-9FC7-4B9E-B4A6-96DA0F00248B} = {AADAD963-5649-44C4-8E5A-89389B6182E5}
		{989168BC-CCCE-312D-9616-9EF22D866E85} = {AADAD963-5649-44C4-8E5A-89389B6182E5}
	EndGlobalSection
	GlobalSection(ExtensibilityGlobals) = postSolution
		SolutionGuid = {7460DC6F-2F60-4E37-A5CB-346A40ED5E61}
	EndGlobalSection
EndGlobal
