
Microsoft Visual Studio Solution File, Format Version 12.00
# Visual Studio Version 17
VisualStudioVersion = 17.10.34928.147
MinimumVisualStudioVersion = 10.0.40219.1
Project("{8BC9CEB8-8B4A-11D0-8D11-00A0C91BC942}") = "imgui-docking", "3rdpartd\imgui-docking\imgui-docking\imgui-docking.vcxproj", "{73C7D627-854A-405C-8A3C-BCB8BB306F4D}"
EndProject
Project("{2150E333-8FDC-42A3-9474-1A3956D46DE8}") = "3rd", "3rd", "{AADAD963-5649-44C4-8E5A-89389B6182E5}"
EndProject
Project("{8BC9CEB8-8B4A-11D0-8D11-00A0C91BC942}") = "lua", "3rdpartd\lua\lua.vcxproj", "{7D8E9F1F-6F62-443C-91C6-08885B00B0A3}"
EndProject
Project("{8BC9CEB8-8B4A-11D0-8D11-00A0C91BC942}") = "zlibstatic", "3rdpartd\zlib\zlibstatic\zlibstatic.vcxproj", "{08F2D1CB-A18A-43A2-ABB6-F4883BCD8AE9}"
EndProject
Project("{8BC9CEB8-8B4A-11D0-8D11-00A0C91BC942}") = "freetype", "3rdpartd\freetype\builds\windows\vc2010\freetype.vcxproj", "{78B079BD-9FC7-4B9E-B4A6-96DA0F00248B}"
EndProject
Project("{8BC9CEB8-8B4A-11D0-8D11-00A0C91BC942}") = "WitchcraftEngine", "WitchcraftEngine\WitchcraftEngine.vcxproj", "{DF23F262-18E4-442C-B6CC-60BB6344AA7B}"
	ProjectSection(ProjectDependencies) = postProject
		{08F2D1CB-A18A-43A2-ABB6-F4883BCD8AE9} = {08F2D1CB-A18A-43A2-ABB6-F4883BCD8AE9}
		{0BA93BFE-6060-34D3-8205-05194CE86131} = {0BA93BFE-6060-34D3-8205-05194CE86131}
		{3E0E8608-CD9B-4C76-AF33-29CA38F2C9F0} = {3E0E8608-CD9B-4C76-AF33-29CA38F2C9F0}
		{73C7D627-854A-405C-8A3C-BCB8BB306F4D} = {73C7D627-854A-405C-8A3C-BCB8BB306F4D}
		{78B079BD-9FC7-4B9E-B4A6-96DA0F00248B} = {78B079BD-9FC7-4B9E-B4A6-96DA0F00248B}
		{7D8E9F1F-6F62-443C-91C6-08885B00B0A3} = {7D8E9F1F-6F62-443C-91C6-08885B00B0A3}
		{989168BC-CCCE-312D-9616-9EF22D866E85} = {989168BC-CCCE-312D-9616-9EF22D866E85}
		{AFC67222-5BDA-4DD5-BCAF-7D5DCC4D5F87} = {AFC67222-5BDA-4DD5-BCAF-7D5DCC4D5F87}
	EndProjectSection
EndProject
Project("{8BC9CEB8-8B4A-11D0-8D11-00A0C91BC942}") = "DirectXTK12", "..\..\DirectXTK12\DirectXTK_Desktop_2022_Win10.vcxproj", "{3E0E8608-CD9B-4C76-AF33-29CA38F2C9F0}"
EndProject
Project("{8BC9CEB8-8B4A-11D0-8D11-00A0C91BC942}") = "flecs_static", "3rdpartd\flecs\MSBuild\flecs_static.vcxproj", "{989168BC-CCCE-312D-9616-9EF22D866E85}"
EndProject
Project("{8BC9CEB8-8B4A-11D0-8D11-00A0C91BC942}") = "pugixml", "3rdpartd\pugixml\pugixml.vcxproj", "{AFC67222-5BDA-4DD5-BCAF-7D5DCC4D5F87}"
EndProject
Project("{8BC9CEB8-8B4A-11D0-8D11-00A0C91BC942}") = "assimp", "3rdpartd\assimp\MSBuild\code\assimp.vcxproj", "{0BA93BFE-6060-34D3-8205-05194CE86131}"
EndProject
Global
	GlobalSection(SolutionConfigurationPlatforms) = preSolution
		Debug|ARM64 = Debug|ARM64
		Debug|x64 = Debug|x64
		Debug|x86 = Debug|x86
		Release|ARM64 = Release|ARM64
		Release|x64 = Release|x64
		Release|x86 = Release|x86
	EndGlobalSection
	GlobalSection(ProjectConfigurationPlatforms) = postSolution
		{73C7D627-854A-405C-8A3C-BCB8BB306F4D}.Debug|ARM64.ActiveCfg = Debug|Win32
		{73C7D627-854A-405C-8A3C-BCB8BB306F4D}.Debug|x64.ActiveCfg = Debug|x64
		{73C7D627-854A-405C-8A3C-BCB8BB306F4D}.Debug|x64.Build.0 = Debug|x64
		{73C7D627-854A-405C-8A3C-BCB8BB306F4D}.Debug|x86.ActiveCfg = Debug|Win32
		{73C7D627-854A-405C-8A3C-BCB8BB306F4D}.Debug|x86.Build.0 = Debug|Win32
		{73C7D627-854A-405C-8A3C-BCB8BB306F4D}.Release|ARM64.ActiveCfg = Release|Win32
		{73C7D627-854A-405C-8A3C-BCB8BB306F4D}.Release|x64.ActiveCfg = Release|x64
		{73C7D627-854A-405C-8A3C-BCB8BB306F4D}.Release|x64.Build.0 = Release|x64
		{73C7D627-854A-405C-8A3C-BCB8BB306F4D}.Release|x86.ActiveCfg = Release|Win32
		{73C7D627-854A-405C-8A3C-BCB8BB306F4D}.Release|x86.Build.0 = Release|Win32
		{7D8E9F1F-6F62-443C-91C6-08885B00B0A3}.Debug|ARM64.ActiveCfg = Debug|Win32
		{7D8E9F1F-6F62-443C-91C6-08885B00B0A3}.Debug|x64.ActiveCfg = Debug|x64
		{7D8E9F1F-6F62-443C-91C6-08885B00B0A3}.Debug|x64.Build.0 = Debug|x64
		{7D8E9F1F-6F62-443C-91C6-08885B00B0A3}.Debug|x86.ActiveCfg = Debug|Win32
		{7D8E9F1F-6F62-443C-91C6-08885B00B0A3}.Debug|x86.Build.0 = Debug|Win32
		{7D8E9F1F-6F62-443C-91C6-08885B00B0A3}.Release|ARM64.ActiveCfg = Release|Win32
		{7D8E9F1F-6F62-443C-91C6-08885B00B0A3}.Release|x64.ActiveCfg = Release|x64
		{7D8E9F1F-6F62-443C-91C6-08885B00B0A3}.Release|x64.Build.0 = Release|x64
		{7D8E9F1F-6F62-443C-91C6-08885B00B0A3}.Release|x86.ActiveCfg = Release|Win32
		{7D8E9F1F-6F62-443C-91C6-08885B00B0A3}.Release|x86.Build.0 = Release|Win32
		{08F2D1CB-A18A-43A2-ABB6-F4883BCD8AE9}.Debug|ARM64.ActiveCfg = Debug|Win32
		{08F2D1CB-A18A-43A2-ABB6-F4883BCD8AE9}.Debug|x64.ActiveCfg = Debug|x64
		{08F2D1CB-A18A-43A2-ABB6-F4883BCD8AE9}.Debug|x64.Build.0 = Debug|x64
		{08F2D1CB-A18A-43A2-ABB6-F4883BCD8AE9}.Debug|x86.ActiveCfg = Debug|Win32
		{08F2D1CB-A18A-43A2-ABB6-F4883BCD8AE9}.Debug|x86.Build.0 = Debug|Win32
		{08F2D1CB-A18A-43A2-ABB6-F4883BCD8AE9}.Release|ARM64.ActiveCfg = Release|Win32
		{08F2D1CB-A18A-43A2-ABB6-F4883BCD8AE9}.Release|x64.ActiveCfg = Release|x64
		{08F2D1CB-A18A-43A2-ABB6-F4883BCD8AE9}.Release|x64.Build.0 = Release|x64
		{08F2D1CB-A18A-43A2-ABB6-F4883BCD8AE9}.Release|x86.ActiveCfg = Release|Win32
		{08F2D1CB-A18A-43A2-ABB6-F4883BCD8AE9}.Release|x86.Build.0 = Release|Win32
		{78B079BD-9FC7-4B9E-B4A6-96DA0F00248B}.Debug|ARM64.ActiveCfg = Debug|ARM64
		{78B079BD-9FC7-4B9E-B4A6-96DA0F00248B}.Debug|ARM64.Build.0 = Debug|ARM64
		{78B079BD-9FC7-4B9E-B4A6-96DA0F00248B}.Debug|x64.ActiveCfg = Debug|x64
		{78B079BD-9FC7-4B9E-B4A6-96DA0F00248B}.Debug|x64.Build.0 = Debug|x64
		{78B079BD-9FC7-4B9E-B4A6-96DA0F00248B}.Debug|x86.ActiveCfg = Debug|Win32
		{78B079BD-9FC7-4B9E-B4A6-96DA0F00248B}.Debug|x86.Build.0 = Debug|Win32
		{78B079BD-9FC7-4B9E-B4A6-96DA0F00248B}.Release|ARM64.ActiveCfg = Release|ARM64
		{78B079BD-9FC7-4B9E-B4A6-96DA0F00248B}.Release|ARM64.Build.0 = Release|ARM64
		{78B079BD-9FC7-4B9E-B4A6-96DA0F00248B}.Release|x64.ActiveCfg = Release|x64
		{78B079BD-9FC7-4B9E-B4A6-96DA0F00248B}.Release|x64.Build.0 = Release|x64
		{78B079BD-9FC7-4B9E-B4A6-96DA0F00248B}.Release|x86.ActiveCfg = Release|Win32
		{78B079BD-9FC7-4B9E-B4A6-96DA0F00248B}.Release|x86.Build.0 = Release|Win32
		{DF23F262-18E4-442C-B6CC-60BB6344AA7B}.Debug|ARM64.ActiveCfg = Debug|Win32
		{DF23F262-18E4-442C-B6CC-60BB6344AA7B}.Debug|x64.ActiveCfg = Debug|x64
		{DF23F262-18E4-442C-B6CC-60BB6344AA7B}.Debug|x64.Build.0 = Debug|x64
		{DF23F262-18E4-442C-B6CC-60BB6344AA7B}.Debug|x86.ActiveCfg = Debug|Win32
		{DF23F262-18E4-442C-B6CC-60BB6344AA7B}.Debug|x86.Build.0 = Debug|Win32
		{DF23F262-18E4-442C-B6CC-60BB6344AA7B}.Release|ARM64.ActiveCfg = Release|Win32
		{DF23F262-18E4-442C-B6CC-60BB6344AA7B}.Release|x64.ActiveCfg = Release|x64
		{DF23F262-18E4-442C-B6CC-60BB6344AA7B}.Release|x64.Build.0 = Release|x64
		{DF23F262-18E4-442C-B6CC-60BB6344AA7B}.Release|x86.ActiveCfg = Release|Win32
		{DF23F262-18E4-442C-B6CC-60BB6344AA7B}.Release|x86.Build.0 = Release|Win32
		{3E0E8608-CD9B-4C76-AF33-29CA38F2C9F0}.Debug|ARM64.ActiveCfg = Debug|ARM64
		{3E0E8608-CD9B-4C76-AF33-29CA38F2C9F0}.Debug|ARM64.Build.0 = Debug|ARM64
		{3E0E8608-CD9B-4C76-AF33-29CA38F2C9F0}.Debug|x64.ActiveCfg = Debug|x64
		{3E0E8608-CD9B-4C76-AF33-29CA38F2C9F0}.Debug|x64.Build.0 = Debug|x64
		{3E0E8608-CD9B-4C76-AF33-29CA38F2C9F0}.Debug|x86.ActiveCfg = Debug|Win32
		{3E0E8608-CD9B-4C76-AF33-29CA38F2C9F0}.Debug|x86.Build.0 = Debug|Win32
		{3E0E8608-CD9B-4C76-AF33-29CA38F2C9F0}.Release|ARM64.ActiveCfg = Release|ARM64
		{3E0E8608-CD9B-4C76-AF33-29CA38F2C9F0}.Release|ARM64.Build.0 = Release|ARM64
		{3E0E8608-CD9B-4C76-AF33-29CA38F2C9F0}.Release|x64.ActiveCfg = Release|x64
		{3E0E8608-CD9B-4C76-AF33-29CA38F2C9F0}.Release|x64.Build.0 = Release|x64
		{3E0E8608-CD9B-4C76-AF33-29CA38F2C9F0}.Release|x86.ActiveCfg = Release|Win32
		{3E0E8608-CD9B-4C76-AF33-29CA38F2C9F0}.Release|x86.Build.0 = Release|Win32
		{989168BC-CCCE-312D-9616-9EF22D866E85}.Debug|ARM64.ActiveCfg = Debug|x64
		{989168BC-CCCE-312D-9616-9EF22D866E85}.Debug|ARM64.Build.0 = Debug|x64
		{989168BC-CCCE-312D-9616-9EF22D866E85}.Debug|x64.ActiveCfg = Debug|x64
		{989168BC-CCCE-312D-9616-9EF22D866E85}.Debug|x64.Build.0 = Debug|x64
		{989168BC-CCCE-312D-9616-9EF22D866E85}.Debug|x86.ActiveCfg = Debug|x64
		{989168BC-CCCE-312D-9616-9EF22D866E85}.Debug|x86.Build.0 = Debug|x64
		{989168BC-CCCE-312D-9616-9EF22D866E85}.Release|ARM64.ActiveCfg = Release|x64
		{989168BC-CCCE-312D-9616-9EF22D866E85}.Release|ARM64.Build.0 = Release|x64
		{989168BC-CCCE-312D-9616-9EF22D866E85}.Release|x64.ActiveCfg = Release|x64
		{989168BC-CCCE-312D-9616-9EF22D866E85}.Release|x64.Build.0 = Release|x64
		{989168BC-CCCE-312D-9616-9EF22D866E85}.Release|x86.ActiveCfg = Release|x64
		{989168BC-CCCE-312D-9616-9EF22D866E85}.Release|x86.Build.0 = Release|x64
		{AFC67222-5BDA-4DD5-BCAF-7D5DCC4D5F87}.Debug|ARM64.ActiveCfg = Debug|x64
		{AFC67222-5BDA-4DD5-BCAF-7D5DCC4D5F87}.Debug|ARM64.Build.0 = Debug|x64
		{AFC67222-5BDA-4DD5-BCAF-7D5DCC4D5F87}.Debug|x64.ActiveCfg = Debug|x64
		{AFC67222-5BDA-4DD5-BCAF-7D5DCC4D5F87}.Debug|x64.Build.0 = Debug|x64
		{AFC67222-5BDA-4DD5-BCAF-7D5DCC4D5F87}.Debug|x86.ActiveCfg = Debug|Win32
		{AFC67222-5BDA-4DD5-BCAF-7D5DCC4D5F87}.Debug|x86.Build.0 = Debug|Win32
		{AFC67222-5BDA-4DD5-BCAF-7D5DCC4D5F87}.Release|ARM64.ActiveCfg = Release|x64
		{AFC67222-5BDA-4DD5-BCAF-7D5DCC4D5F87}.Release|ARM64.Build.0 = Release|x64
		{AFC67222-5BDA-4DD5-BCAF-7D5DCC4D5F87}.Release|x64.ActiveCfg = Release|x64
		{AFC67222-5BDA-4DD5-BCAF-7D5DCC4D5F87}.Release|x64.Build.0 = Release|x64
		{AFC67222-5BDA-4DD5-BCAF-7D5DCC4D5F87}.Release|x86.ActiveCfg = Release|Win32
		{AFC67222-5BDA-4DD5-BCAF-7D5DCC4D5F87}.Release|x86.Build.0 = Release|Win32
		{0BA93BFE-6060-34D3-8205-05194CE86131}.Debug|ARM64.ActiveCfg = Debug|x64
		{0BA93BFE-6060-34D3-8205-05194CE86131}.Debug|ARM64.Build.0 = Debug|x64
		{0BA93BFE-6060-34D3-8205-05194CE86131}.Debug|x64.ActiveCfg = Debug|x64
		{0BA93BFE-6060-34D3-8205-05194CE86131}.Debug|x64.Build.0 = Debug|x64
		{0BA93BFE-6060-34D3-8205-05194CE86131}.Debug|x86.ActiveCfg = Debug|x64
		{0BA93BFE-6060-34D3-8205-05194CE86131}.Debug|x86.Build.0 = Debug|x64
		{0BA93BFE-6060-34D3-8205-05194CE86131}.Release|ARM64.ActiveCfg = Release|x64
		{0BA93BFE-6060-34D3-8205-05194CE86131}.Release|ARM64.Build.0 = Release|x64
		{0BA93BFE-6060-34D3-8205-05194CE86131}.Release|x64.ActiveCfg = Release|x64
		{0BA93BFE-6060-34D3-8205-05194CE86131}.Release|x64.Build.0 = Release|x64
		{0BA93BFE-6060-34D3-8205-05194CE86131}.Release|x86.ActiveCfg = Release|x64
		{0BA93BFE-6060-34D3-8205-05194CE86131}.Release|x86.Build.0 = Release|x64
	EndGlobalSection
	GlobalSection(SolutionProperties) = preSolution
		HideSolutionNode = FALSE
	EndGlobalSection
	GlobalSection(NestedProjects) = preSolution
		{73C7D627-854A-405C-8A3C-BCB8BB306F4D} = {AADAD963-5649-44C4-8E5A-89389B6182E5}
		{7D8E9F1F-6F62-443C-91C6-08885B00B0A3} = {AADAD963-5649-44C4-8E5A-89389B6182E5}
		{08F2D1CB-A18A-43A2-ABB6-F4883BCD8AE9} = {AADAD963-5649-44C4-8E5A-89389B6182E5}
		{78B079BD-9FC7-4B9E-B4A6-96DA0F00248B} = {AADAD963-5649-44C4-8E5A-89389B6182E5}
		{3E0E8608-CD9B-4C76-AF33-29CA38F2C9F0} = {AADAD963-5649-44C4-8E5A-89389B6182E5}
		{989168BC-CCCE-312D-9616-9EF22D866E85} = {AADAD963-5649-44C4-8E5A-89389B6182E5}
		{AFC67222-5BDA-4DD5-BCAF-7D5DCC4D5F87} = {AADAD963-5649-44C4-8E5A-89389B6182E5}
		{0BA93BFE-6060-34D3-8205-05194CE86131} = {AADAD963-5649-44C4-8E5A-89389B6182E5}
	EndGlobalSection
	GlobalSection(ExtensibilityGlobals) = postSolution
		SolutionGuid = {7460DC6F-2F60-4E37-A5CB-346A40ED5E61}
	EndGlobalSection
EndGlobal
