<?xml version="1.0" encoding="utf-8"?>
<Project ToolsVersion="4.0" xmlns="http://schemas.microsoft.com/developer/msbuild/2003">
  <ItemGroup>
    <Filter Include="源文件">
      <UniqueIdentifier>{4FC737F1-C7A5-4376-A066-2A32D752A2FF}</UniqueIdentifier>
      <Extensions>cpp;c;cc;cxx;c++;cppm;ixx;def;odl;idl;hpj;bat;asm;asmx</Extensions>
    </Filter>
    <Filter Include="头文件">
      <UniqueIdentifier>{93995380-89BD-4b04-88EB-625FBE52EBFB}</UniqueIdentifier>
      <Extensions>h;hh;hpp;hxx;h++;hm;inl;inc;ipp;xsd</Extensions>
    </Filter>
    <Filter Include="资源文件">
      <UniqueIdentifier>{67DA6AB6-F800-4c08-8B7A-83BB121AAD01}</UniqueIdentifier>
      <Extensions>rc;ico;cur;bmp;dlg;rc2;rct;bin;rgs;gif;jpg;jpeg;jpe;resx;tiff;tif;png;wav;mfcribbon-ms</Extensions>
    </Filter>
    <Filter Include="头文件\Engine">
      <UniqueIdentifier>{376bd499-0767-4c72-9998-c557014492c5}</UniqueIdentifier>
    </Filter>
    <Filter Include="头文件\Helpers">
      <UniqueIdentifier>{026f8ec4-e0b5-49e0-8f80-28bbdb7679ab}</UniqueIdentifier>
    </Filter>
    <Filter Include="头文件\ModelAnalysis">
      <UniqueIdentifier>{e94fdab8-29d5-4b49-8c68-ce9119be3b47}</UniqueIdentifier>
    </Filter>
    <Filter Include="头文件\String">
      <UniqueIdentifier>{4bac687a-9735-49a9-9447-5dcef161d775}</UniqueIdentifier>
    </Filter>
    <Filter Include="头文件\System">
      <UniqueIdentifier>{e0364895-a077-4bc2-a31a-08a6a2a36e5f}</UniqueIdentifier>
    </Filter>
    <Filter Include="头文件\UserInput">
      <UniqueIdentifier>{0a727828-7a06-4778-b1b4-8d7e3b5485b6}</UniqueIdentifier>
    </Filter>
    <Filter Include="头文件\UserInput\Keyboard">
      <UniqueIdentifier>{1c65dc7d-9aa7-470d-9aeb-7ccebdb24a1c}</UniqueIdentifier>
    </Filter>
    <Filter Include="头文件\UserInput\Mouse">
      <UniqueIdentifier>{6a06f2b2-2297-42a6-9737-a827aa42a16e}</UniqueIdentifier>
    </Filter>
    <Filter Include="源文件\Engine">
      <UniqueIdentifier>{4baaf107-ff7f-49cf-a278-62ed7feed75f}</UniqueIdentifier>
    </Filter>
    <Filter Include="源文件\Helpers">
      <UniqueIdentifier>{b1c661e8-f7a1-4136-bd42-6b6b34f6dd44}</UniqueIdentifier>
    </Filter>
    <Filter Include="源文件\ModelAnalysis">
      <UniqueIdentifier>{eb5e93c0-3a7b-4b17-97f2-815b12ea897f}</UniqueIdentifier>
    </Filter>
    <Filter Include="源文件\UserInput">
      <UniqueIdentifier>{6cbae8bc-51f1-4940-bfbf-be2ab8d1e10e}</UniqueIdentifier>
    </Filter>
    <Filter Include="源文件\UserInput\Keyboard">
      <UniqueIdentifier>{837843b2-7f13-4271-a2af-c141706fe0e5}</UniqueIdentifier>
    </Filter>
    <Filter Include="源文件\UserInput\Mouse">
      <UniqueIdentifier>{ba4540ba-f955-466a-9a95-9383246ea150}</UniqueIdentifier>
    </Filter>
    <Filter Include="源文件\System">
      <UniqueIdentifier>{5fee6155-c2b2-4dd7-84bf-e727f4deded3}</UniqueIdentifier>
    </Filter>
    <Filter Include="头文件\D3DWindow">
      <UniqueIdentifier>{3624a8cd-922e-4d4c-8288-75a038e0f87d}</UniqueIdentifier>
    </Filter>
    <Filter Include="源文件\D3DWindow">
      <UniqueIdentifier>{2025d148-cdc8-468a-a705-8a838d17372d}</UniqueIdentifier>
    </Filter>
    <Filter Include="源文件\Editor">
      <UniqueIdentifier>{4d1270b7-075f-445f-998b-530b1e3e9ddf}</UniqueIdentifier>
    </Filter>
    <Filter Include="源文件\Editor\Window">
      <UniqueIdentifier>{abcfad41-bcd6-4665-af8b-75fe16d31236}</UniqueIdentifier>
    </Filter>
    <Filter Include="头文件\Editor">
      <UniqueIdentifier>{b904e977-3309-40ae-bb6e-0c30a3e57bfa}</UniqueIdentifier>
    </Filter>
    <Filter Include="头文件\Editor\Window">
      <UniqueIdentifier>{c67b36df-128e-4e01-8b08-1b0d560c7f9c}</UniqueIdentifier>
    </Filter>
    <Filter Include="头文件\ECS">
      <UniqueIdentifier>{70b20803-6fe2-4230-95e4-a3fc12647452}</UniqueIdentifier>
    </Filter>
    <Filter Include="源文件\ECS">
      <UniqueIdentifier>{6f885aee-3ff4-4b2e-a862-cfa68702fee0}</UniqueIdentifier>
    </Filter>
    <Filter Include="头文件\ECS\Component">
      <UniqueIdentifier>{86c87ea9-9c8b-49b2-aad5-521bd7556ed3}</UniqueIdentifier>
    </Filter>
    <Filter Include="源文件\ECS\Component">
      <UniqueIdentifier>{c853da1c-fbec-4d5c-8627-3e15bc04be90}</UniqueIdentifier>
    </Filter>
    <Filter Include="头文件\ECS\ServicesContainer">
      <UniqueIdentifier>{3f82d59c-7429-4ed2-a9b3-82ac2a1fbeec}</UniqueIdentifier>
    </Filter>
    <Filter Include="源文件\ECS\ServicesContainer">
      <UniqueIdentifier>{1b3e6a0e-e0af-4865-9a1f-1952e025a702}</UniqueIdentifier>
    </Filter>
    <Filter Include="头文件\System\WitchcraftFile">
      <UniqueIdentifier>{0e9ef5dd-2944-49fd-b96c-55a6f2bb83d0}</UniqueIdentifier>
    </Filter>
    <Filter Include="源文件\System\WitchcraftFile">
      <UniqueIdentifier>{951d7ff1-540e-4435-abdd-4e8e8d52a3b0}</UniqueIdentifier>
    </Filter>
    <Filter Include="头文件\Common">
      <UniqueIdentifier>{dae4507c-a7af-400a-84cd-4cf145c34175}</UniqueIdentifier>
    </Filter>
    <Filter Include="头文件\System\Animation">
      <UniqueIdentifier>{6a07f508-9628-4aa3-b5c3-21899126af24}</UniqueIdentifier>
    </Filter>
    <Filter Include="源文件\System\Animation">
      <UniqueIdentifier>{b4cbc314-c2ec-4328-bd4a-5f5e434e3f69}</UniqueIdentifier>
    </Filter>
    <Filter Include="源文件\System\Animation\Assets">
      <UniqueIdentifier>{fc5e50cf-81b5-47d2-90c6-9fd98b18312b}</UniqueIdentifier>
    </Filter>
    <Filter Include="头文件\System\Animation\Assets">
      <UniqueIdentifier>{ff56cbd1-9843-419b-bdb6-f584731a3096}</UniqueIdentifier>
    </Filter>
    <Filter Include="头文件\D3DWindow\RenderPasses">
      <UniqueIdentifier>{4db9f865-95b0-46fa-a29f-1bd20bcb2c96}</UniqueIdentifier>
    </Filter>
    <Filter Include="源文件\D3DWindow\RenderPasses">
      <UniqueIdentifier>{63981393-56ba-4e04-98e1-71cd9f1f872e}</UniqueIdentifier>
    </Filter>
  </ItemGroup>
  <ItemGroup>
    <ClCompile Include="SRC\Engine\Engine.cpp">
      <Filter>源文件\Engine</Filter>
    </ClCompile>
    <ClCompile Include="SRC\Helpers\Helpers.cpp">
      <Filter>源文件\Helpers</Filter>
    </ClCompile>
    <ClCompile Include="SRC\Helpers\MathHelpers.cpp">
      <Filter>源文件\Helpers</Filter>
    </ClCompile>
    <ClCompile Include="SRC\ModelAnalysis\AssimpLoader.cpp">
      <Filter>源文件\ModelAnalysis</Filter>
    </ClCompile>
    <ClCompile Include="SRC\System\ModelSystem.cpp">
      <Filter>源文件\System</Filter>
    </ClCompile>
    <ClCompile Include="SRC\System\PhysicsSystem.cpp">
      <Filter>源文件\System</Filter>
    </ClCompile>
    <ClCompile Include="SRC\System\ProjectSceneSystem.cpp">
      <Filter>源文件\System</Filter>
    </ClCompile>
    <ClCompile Include="SRC\System\SceneLightSystem.cpp">
      <Filter>源文件\System</Filter>
    </ClCompile>
    <ClCompile Include="SRC\System\ScriptingSystem.cpp">
      <Filter>源文件\System</Filter>
    </ClCompile>
    <ClCompile Include="SRC\UserInput\Keyboard\KeyboardClass.cpp">
      <Filter>源文件\UserInput\Keyboard</Filter>
    </ClCompile>
    <ClCompile Include="SRC\UserInput\Keyboard\KeyboardEvent.cpp">
      <Filter>源文件\UserInput\Keyboard</Filter>
    </ClCompile>
    <ClCompile Include="SRC\UserInput\Mouse\MouseClass.cpp">
      <Filter>源文件\UserInput\Mouse</Filter>
    </ClCompile>
    <ClCompile Include="SRC\UserInput\Mouse\MouseEvent.cpp">
      <Filter>源文件\UserInput\Mouse</Filter>
    </ClCompile>
    <ClCompile Include="SRC\D3DWindow\D3DHelpers.cpp">
      <Filter>源文件\D3DWindow</Filter>
    </ClCompile>
    <ClCompile Include="SRC\D3DWindow\D3DWindow.cpp">
      <Filter>源文件\D3DWindow</Filter>
    </ClCompile>
    <ClCompile Include="SRC\tWinMain.cpp">
      <Filter>源文件</Filter>
    </ClCompile>
    <ClCompile Include="SRC\Editor\Window\AboutWindow.cpp">
      <Filter>源文件\Editor\Window</Filter>
    </ClCompile>
    <ClCompile Include="SRC\Editor\Window\AssetsWindow.cpp">
      <Filter>源文件\Editor\Window</Filter>
    </ClCompile>
    <ClCompile Include="SRC\Editor\Window\ConsoleWindow.cpp">
      <Filter>源文件\Editor\Window</Filter>
    </ClCompile>
    <ClCompile Include="SRC\Editor\Window\FileWindow.cpp">
      <Filter>源文件\Editor\Window</Filter>
    </ClCompile>
    <ClCompile Include="SRC\Editor\Window\HierarchyWindow.cpp">
      <Filter>源文件\Editor\Window</Filter>
    </ClCompile>
    <ClCompile Include="SRC\Editor\Window\InspectorWindow.cpp">
      <Filter>源文件\Editor\Window</Filter>
    </ClCompile>
    <ClCompile Include="SRC\Editor\Window\MaterialEditorWindow.cpp">
      <Filter>源文件\Editor\Window</Filter>
    </ClCompile>
    <ClCompile Include="SRC\Editor\Editor.cpp">
      <Filter>源文件\Editor</Filter>
    </ClCompile>
    <ClCompile Include="SRC\D3DWindow\Camera.cpp">
      <Filter>源文件\D3DWindow</Filter>
    </ClCompile>
    <ClCompile Include="SRC\D3DWindow\Texture.cpp">
      <Filter>源文件\D3DWindow</Filter>
    </ClCompile>
    <ClCompile Include="SRC\D3DWindow\Material.cpp">
      <Filter>源文件\D3DWindow</Filter>
    </ClCompile>
    <ClCompile Include="SRC\D3DWindow\Light.cpp">
      <Filter>源文件\D3DWindow</Filter>
    </ClCompile>
    <ClCompile Include="SRC\ECS\WitchcraECS.cpp">
      <Filter>源文件\ECS</Filter>
    </ClCompile>
    <ClCompile Include="SRC\Engine\Timer.cpp">
      <Filter>源文件\Engine</Filter>
    </ClCompile>
    <ClCompile Include="SRC\Editor\Window\ScreenSettingsWindow.cpp">
      <Filter>源文件\Editor\Window</Filter>
    </ClCompile>
    <ClCompile Include="SRC\ECS\Component\CameraComponent.cpp">
      <Filter>源文件\ECS\Component</Filter>
    </ClCompile>
    <ClCompile Include="SRC\ECS\Component\GeneralComponent.cpp">
      <Filter>源文件\ECS\Component</Filter>
    </ClCompile>
    <ClCompile Include="SRC\ECS\Component\LightComponent.cpp">
      <Filter>源文件\ECS\Component</Filter>
    </ClCompile>
    <ClCompile Include="SRC\ECS\Component\MeshComponent.cpp">
      <Filter>源文件\ECS\Component</Filter>
    </ClCompile>
    <ClCompile Include="SRC\ECS\Component\PhysicsComponent.cpp">
      <Filter>源文件\ECS\Component</Filter>
    </ClCompile>
    <ClCompile Include="SRC\ECS\Component\RigidBodyComponent.cpp">
      <Filter>源文件\ECS\Component</Filter>
    </ClCompile>
    <ClCompile Include="SRC\ECS\Component\ScriptingComponent.cpp">
      <Filter>源文件\ECS\Component</Filter>
    </ClCompile>
    <ClCompile Include="SRC\ECS\Component\TransformComponent.cpp">
      <Filter>源文件\ECS\Component</Filter>
    </ClCompile>
    <ClCompile Include="SRC\ECS\Component\BaseComponent.cpp">
      <Filter>源文件\ECS\Component</Filter>
    </ClCompile>
    <ClCompile Include="SRC\ECS\ServicesContainer\ServicesContainer.cpp">
      <Filter>源文件\ECS\ServicesContainer</Filter>
    </ClCompile>
    <ClCompile Include="SRC\System\WitchcraftFile\WitchcraftXmlFileBase.cpp">
      <Filter>源文件\System\WitchcraftFile</Filter>
    </ClCompile>
    <ClCompile Include="SRC\System\WitchcraftFile\WMaterialFile.cpp">
      <Filter>源文件\System\WitchcraftFile</Filter>
    </ClCompile>
    <ClCompile Include="SRC\System\WitchcraftFile\WModelFile.cpp">
      <Filter>源文件\System\WitchcraftFile</Filter>
    </ClCompile>
    <ClCompile Include="SRC\System\WitchcraftFile\WModelRuntimeHelpers.cpp">
      <Filter>源文件\System\WitchcraftFile</Filter>
    </ClCompile>
    <ClCompile Include="SRC\System\WitchcraftFile\WProjectFile.cpp">
      <Filter>源文件\System\WitchcraftFile</Filter>
    </ClCompile>
    <ClCompile Include="SRC\System\WitchcraftFile\WSceneFile.cpp">
      <Filter>源文件\System\WitchcraftFile</Filter>
    </ClCompile>
    <ClCompile Include="SRC\ECS\WitchcraECSScriptingBridge.cpp">
      <Filter>源文件\ECS</Filter>
    </ClCompile>
    <ClCompile Include="SRC\ECS\WitchcraECSRigidBodyBridge.cpp">
      <Filter>源文件\ECS</Filter>
    </ClCompile>
    <ClCompile Include="SRC\ECS\WitchcraECSPhysicsBridge.cpp">
      <Filter>源文件\ECS</Filter>
    </ClCompile>
    <ClCompile Include="SRC\ECS\WitchcraECSEntityHierarchyBridge.cpp">
      <Filter>源文件\ECS</Filter>
    </ClCompile>
    <ClCompile Include="SRC\ECS\WitchcraECSComponentLifecycleBridge.cpp">
      <Filter>源文件\ECS</Filter>
    </ClCompile>
    <ClCompile Include="SRC\ECS\WitchcraECSEntityHierarchyQueryBridge.cpp">
      <Filter>源文件\ECS</Filter>
    </ClCompile>
    <ClCompile Include="SRC\ECS\WitchcraECSInspectorBridge.cpp">
      <Filter>源文件\ECS</Filter>
    </ClCompile>
    <ClCompile Include="SRC\ECS\WitchcraECSTransformSyncBridge.cpp">
      <Filter>源文件\ECS</Filter>
    </ClCompile>
    <ClCompile Include="SRC\D3DWindow\PointLightShadowCubePool.cpp">
      <Filter>源文件\D3DWindow</Filter>
    </ClCompile>
    <ClCompile Include="SRC\D3DWindow\RenderECSBridge.cpp">
      <Filter>源文件\D3DWindow</Filter>
    </ClCompile>
    <ClCompile Include="SRC\D3DWindow\RenderAssetImport.cpp">
      <Filter>源文件\D3DWindow</Filter>
    </ClCompile>
    <ClCompile Include="SRC\System\Animation\Assets\AnimationClipAsset.cpp">
      <Filter>源文件\System\Animation\Assets</Filter>
    </ClCompile>
    <ClCompile Include="SRC\System\Animation\Assets\SkeletonAsset.cpp">
      <Filter>源文件\System\Animation\Assets</Filter>
    </ClCompile>
    <ClCompile Include="SRC\System\Animation\Assets\SkinnedMeshAsset.cpp">
      <Filter>源文件\System\Animation\Assets</Filter>
    </ClCompile>
    <ClCompile Include="SRC\System\Animation\AnimationClipEditing.cpp">
      <Filter>源文件\System\Animation</Filter>
    </ClCompile>
    <ClCompile Include="SRC\System\Animation\AnimationLayerMask.cpp">
      <Filter>源文件\System\Animation</Filter>
    </ClCompile>
    <ClCompile Include="SRC\System\Animation\AnimationPlaybackController.cpp">
      <Filter>源文件\System\Animation</Filter>
    </ClCompile>
    <ClCompile Include="SRC\System\Animation\AnimationClipCache.cpp">
      <Filter>源文件\System\Animation</Filter>
    </ClCompile>
    <ClCompile Include="SRC\System\WitchcraftFile\WAnimationFile.cpp">
      <Filter>源文件\System\WitchcraftFile</Filter>
    </ClCompile>
    <ClCompile Include="SRC\System\WitchcraftFile\WSkeletonFile.cpp">
      <Filter>源文件\System\WitchcraftFile</Filter>
    </ClCompile>
    <ClCompile Include="SRC\ECS\Component\SkinningRuntimeComponent.cpp">
      <Filter>源文件\ECS\Component</Filter>
    </ClCompile>
    <ClCompile Include="SRC\ECS\Component\SkinnedMeshComponent.cpp">
      <Filter>源文件\ECS\Component</Filter>
    </ClCompile>
    <ClCompile Include="SRC\ECS\Component\SkeletonComponent.cpp">
      <Filter>源文件\ECS\Component</Filter>
    </ClCompile>
    <ClCompile Include="SRC\ECS\Component\BillboardComponent.cpp">
      <Filter>源文件\ECS\Component</Filter>
    </ClCompile>
    <ClCompile Include="SRC\System\Animation\AnimationSystem.cpp">
      <Filter>源文件\System\Animation</Filter>
    </ClCompile>
    <ClCompile Include="SRC\System\Animation\SkeletonPoseSystem.cpp">
      <Filter>源文件\System\Animation</Filter>
    </ClCompile>
    <ClCompile Include="SRC\System\Animation\SkinningPaletteSystem.cpp">
      <Filter>源文件\System\Animation</Filter>
    </ClCompile>
    <ClCompile Include="SRC\Editor\Window\AnimationEditorWindow.cpp">
      <Filter>源文件\Editor\Window</Filter>
    </ClCompile>
    <ClCompile Include="SRC\Editor\EditorTransformGizmo.cpp">
      <Filter>源文件\Editor</Filter>
    </ClCompile>
    <ClCompile Include="SRC\ECS\Component\AnimatorComponent.cpp">
      <Filter>源文件\ECS\Component</Filter>
    </ClCompile>
    <ClCompile Include="SRC\Editor\SkeletonEditorTool.cpp">
      <Filter>源文件\Editor</Filter>
    </ClCompile>
    <ClCompile Include="SRC\ECS\Component\BoneAttachmentComponent.cpp">
      <Filter>源文件\ECS\Component</Filter>
    </ClCompile>
    <ClCompile Include="SRC\D3DWindow\RenderPasses\DirectionalShadowMaskPass.cpp">
      <Filter>源文件\D3DWindow\RenderPasses</Filter>
    </ClCompile>
    <ClCompile Include="SRC\D3DWindow\RenderPasses\FXAAPass.cpp">
      <Filter>源文件\D3DWindow\RenderPasses</Filter>
    </ClCompile>
    <ClCompile Include="SRC\D3DWindow\RenderPasses\GizmoPass.cpp">
      <Filter>源文件\D3DWindow\RenderPasses</Filter>
    </ClCompile>
    <ClCompile Include="SRC\D3DWindow\RenderPasses\InteractionOutlinePass.cpp">
      <Filter>源文件\D3DWindow\RenderPasses</Filter>
    </ClCompile>
    <ClCompile Include="SRC\D3DWindow\RenderPasses\OITCompositePass.cpp">
      <Filter>源文件\D3DWindow\RenderPasses</Filter>
    </ClCompile>
    <ClCompile Include="SRC\D3DWindow\RenderPasses\SharedNormalPrepass.cpp">
      <Filter>源文件\D3DWindow\RenderPasses</Filter>
    </ClCompile>
    <ClCompile Include="SRC\D3DWindow\RenderPasses\SkeletonOverlayPass.cpp">
      <Filter>源文件\D3DWindow\RenderPasses</Filter>
    </ClCompile>
    <ClCompile Include="SRC\D3DWindow\RenderPasses\SkinningComputePass.cpp">
      <Filter>源文件\D3DWindow\RenderPasses</Filter>
    </ClCompile>
    <ClCompile Include="SRC\D3DWindow\RenderPasses\VolumetricLightPass.cpp">
      <Filter>源文件\D3DWindow\RenderPasses</Filter>
    </ClCompile>
    <ClCompile Include="SRC\D3DWindow\RenderPasses\SkinWeightVizPass.cpp">
      <Filter>源文件\D3DWindow\RenderPasses</Filter>
    </ClCompile>
    <ClCompile Include="SRC\D3DWindow\D3DWindowGeometry.cpp">
      <Filter>源文件\D3DWindow</Filter>
    </ClCompile>
    <ClCompile Include="SRC\D3DWindow\RenderPasses\AmbientOcclusionPass.cpp">
      <Filter>源文件\D3DWindow\RenderPasses</Filter>
    </ClCompile>
    <ClCompile Include="SRC\D3DWindow\RenderPasses\ShadowFrameBuilder.cpp">
      <Filter>源文件\D3DWindow\RenderPasses</Filter>
    </ClCompile>
    <ClCompile Include="SRC\D3DWindow\RenderPasses\ShadowMapPass.cpp">
      <Filter>源文件\D3DWindow\RenderPasses</Filter>
    </ClCompile>
    <ClCompile Include="SRC\D3DWindow\RenderPasses\ShadowPoolPlanner.cpp">
      <Filter>源文件\D3DWindow\RenderPasses</Filter>
    </ClCompile>
    <ClCompile Include="SRC\D3DWindow\RenderPasses\TextRenderPass.cpp">
      <Filter>源文件\D3DWindow\RenderPasses</Filter>
    </ClCompile>
    <ClCompile Include="SRC\D3DWindow\RenderPasses\RenderToTexture.cpp">
      <Filter>源文件\D3DWindow\RenderPasses</Filter>
    </ClCompile>
    <ClCompile Include="SRC\D3DWindow\RenderPasses\ColorAdjustPass.cpp">
      <Filter>源文件\D3DWindow\RenderPasses</Filter>
    </ClCompile>
    <ClCompile Include="SRC\Editor\Window\ScriptEditorWindow.cpp">
      <Filter>源文件\Editor\Window</Filter>
    </ClCompile>
    <ClCompile Include="SRC\Editor\Window\ProjectWindow.cpp">
      <Filter>源文件\Editor\Window</Filter>
    </ClCompile>
    <ClCompile Include="SRC\Editor\Window\ProjectSettingsWindow.cpp">
      <Filter>源文件\Editor\Window</Filter>
    </ClCompile>
  </ItemGroup>
  <ItemGroup>
    <ClInclude Include="SRC\Engine\Engine.h">
      <Filter>头文件\Engine</Filter>
    </ClInclude>
    <ClInclude Include="SRC\Engine\EngineUtils.h">
      <Filter>头文件\Engine</Filter>
    </ClInclude>
    <ClInclude Include="SRC\Helpers\Helpers.h">
      <Filter>头文件\Helpers</Filter>
    </ClInclude>
    <ClInclude Include="SRC\Helpers\MathHelpers.h">
      <Filter>头文件\Helpers</Filter>
    </ClInclude>
    <ClInclude Include="SRC\ModelAnalysis\AssimpLoader.h">
      <Filter>头文件\ModelAnalysis</Filter>
    </ClInclude>
    <ClInclude Include="SRC\String\SStringUtils.h">
      <Filter>头文件\String</Filter>
    </ClInclude>
    <ClInclude Include="SRC\System\ModelSystem.h">
      <Filter>头文件\System</Filter>
    </ClInclude>
    <ClInclude Include="SRC\System\PhysicsSystem.h">
      <Filter>头文件\System</Filter>
    </ClInclude>
    <ClInclude Include="SRC\System\ProjectSceneSystem.h">
      <Filter>头文件\System</Filter>
    </ClInclude>
    <ClInclude Include="SRC\System\SceneLightSystem.h">
      <Filter>头文件\System</Filter>
    </ClInclude>
    <ClInclude Include="SRC\System\ScriptingSystem.h">
      <Filter>头文件\System</Filter>
    </ClInclude>
    <ClInclude Include="SRC\UserInput\Keyboard\KeyboardClass.h">
      <Filter>头文件\UserInput\Keyboard</Filter>
    </ClInclude>
    <ClInclude Include="SRC\UserInput\Keyboard\KeyboardEvent.h">
      <Filter>头文件\UserInput\Keyboard</Filter>
    </ClInclude>
    <ClInclude Include="SRC\UserInput\Mouse\MouseClass.h">
      <Filter>头文件\UserInput\Mouse</Filter>
    </ClInclude>
    <ClInclude Include="SRC\UserInput\Mouse\MouseEvent.h">
      <Filter>头文件\UserInput\Mouse</Filter>
    </ClInclude>
    <ClInclude Include="SRC\System\Assets.h">
      <Filter>头文件\System</Filter>
    </ClInclude>
    <ClInclude Include="SRC\D3DWindow\d3dx12.h">
      <Filter>头文件\D3DWindow</Filter>
    </ClInclude>
    <ClInclude Include="SRC\D3DWindow\D3DHelpers.h">
      <Filter>头文件\D3DWindow</Filter>
    </ClInclude>
    <ClInclude Include="SRC\D3DWindow\D3D12_framework.h">
      <Filter>头文件\D3DWindow</Filter>
    </ClInclude>
    <ClInclude Include="SRC\D3DWindow\D3DWindow.h">
      <Filter>头文件\D3DWindow</Filter>
    </ClInclude>
    <ClInclude Include="SRC\Editor\Editor.h">
      <Filter>头文件\Editor</Filter>
    </ClInclude>
    <ClInclude Include="SRC\Editor\EditorTransformGizmo.h">
      <Filter>头文件\Editor</Filter>
    </ClInclude>
    <ClInclude Include="SRC\Editor\Window\AboutWindow.h">
      <Filter>头文件\Editor\Window</Filter>
    </ClInclude>
    <ClInclude Include="SRC\Editor\Window\AssetsWindow.h">
      <Filter>头文件\Editor\Window</Filter>
    </ClInclude>
    <ClInclude Include="SRC\Editor\Window\ConsoleWindow.h">
      <Filter>头文件\Editor\Window</Filter>
    </ClInclude>
    <ClInclude Include="SRC\Editor\Window\FileWindow.h">
      <Filter>头文件\Editor\Window</Filter>
    </ClInclude>
    <ClInclude Include="SRC\Editor\Window\HierarchyWindow.h">
      <Filter>头文件\Editor\Window</Filter>
    </ClInclude>
    <ClInclude Include="SRC\Editor\Window\InspectorWindow.h">
      <Filter>头文件\Editor\Window</Filter>
    </ClInclude>
    <ClInclude Include="SRC\Editor\Window\MaterialEditorWindow.h">
      <Filter>头文件\Editor\Window</Filter>
    </ClInclude>
    <ClInclude Include="SRC\D3DWindow\Camera.h">
      <Filter>头文件\D3DWindow</Filter>
    </ClInclude>
    <ClInclude Include="SRC\D3DWindow\Texture.h">
      <Filter>头文件\D3DWindow</Filter>
    </ClInclude>
    <ClInclude Include="SRC\D3DWindow\Material.h">
      <Filter>头文件\D3DWindow</Filter>
    </ClInclude>
    <ClInclude Include="SRC\D3DWindow\Light.h">
      <Filter>头文件\D3DWindow</Filter>
    </ClInclude>
    <ClInclude Include="SRC\ecs\WitchcraECS.h">
      <Filter>头文件\ECS</Filter>
    </ClInclude>
    <ClInclude Include="SRC\Engine\Timer.h">
      <Filter>头文件\Engine</Filter>
    </ClInclude>
    <ClInclude Include="SRC\Editor\Window\ScreenSettingsWindow.h">
      <Filter>头文件\Editor\Window</Filter>
    </ClInclude>
    <ClInclude Include="SRC\ECS\Component\CameraComponent.h">
      <Filter>头文件\ECS\Component</Filter>
    </ClInclude>
    <ClInclude Include="SRC\ECS\Component\GeneralComponent.h">
      <Filter>头文件\ECS\Component</Filter>
    </ClInclude>
    <ClInclude Include="SRC\ECS\Component\LightComponent.h">
      <Filter>头文件\ECS\Component</Filter>
    </ClInclude>
    <ClInclude Include="SRC\ECS\Component\MeshComponent.h">
      <Filter>头文件\ECS\Component</Filter>
    </ClInclude>
    <ClInclude Include="SRC\ECS\Component\PhysicsComponent.h">
      <Filter>头文件\ECS\Component</Filter>
    </ClInclude>
    <ClInclude Include="SRC\ECS\Component\RigidBodyComponent.h">
      <Filter>头文件\ECS\Component</Filter>
    </ClInclude>
    <ClInclude Include="SRC\ECS\Component\ScriptingComponent.h">
      <Filter>头文件\ECS\Component</Filter>
    </ClInclude>
    <ClInclude Include="SRC\ECS\Component\TransformComponent.h">
      <Filter>头文件\ECS\Component</Filter>
    </ClInclude>
    <ClInclude Include="SRC\ECS\Component\BaseComponent.h">
      <Filter>头文件\ECS\Component</Filter>
    </ClInclude>
    <ClInclude Include="SRC\ECS\ServicesContainer\ServicesContainer.h">
      <Filter>头文件\ECS\ServicesContainer</Filter>
    </ClInclude>
    <ClInclude Include="SRC\System\WitchcraftFile\WitchcraftXmlFileBase.h">
      <Filter>头文件\System\WitchcraftFile</Filter>
    </ClInclude>
    <ClInclude Include="SRC\System\WitchcraftFile\WitchcraftXmlValueHelpers.h">
      <Filter>头文件\System\WitchcraftFile</Filter>
    </ClInclude>
    <ClInclude Include="SRC\System\WitchcraftFile\WMaterialFile.h">
      <Filter>头文件\System\WitchcraftFile</Filter>
    </ClInclude>
    <ClInclude Include="SRC\System\WitchcraftFile\WModelFile.h">
      <Filter>头文件\System\WitchcraftFile</Filter>
    </ClInclude>
    <ClInclude Include="SRC\System\WitchcraftFile\WModelRuntimeHelpers.h">
      <Filter>头文件\System\WitchcraftFile</Filter>
    </ClInclude>
    <ClInclude Include="SRC\System\WitchcraftFile\WProjectFile.h">
      <Filter>头文件\System\WitchcraftFile</Filter>
    </ClInclude>
    <ClInclude Include="SRC\System\WitchcraftFile\WSceneFile.h">
      <Filter>头文件\System\WitchcraftFile</Filter>
    </ClInclude>
    <ClInclude Include="SRC\Common\ComponentSharedTypes.h">
      <Filter>头文件\Common</Filter>
    </ClInclude>
    <ClInclude Include="SRC\Common\BillboardSharedTypes.h">
      <Filter>头文件\Common</Filter>
    </ClInclude>
    <ClInclude Include="SRC\Common\GizmoSharedTypes.h">
      <Filter>头文件\Common</Filter>
    </ClInclude>
    <ClInclude Include="SRC\Common\MeshSharedTypes.h">
      <Filter>头文件\Common</Filter>
    </ClInclude>
    <ClInclude Include="SRC\Common\TransformSharedTypes.h">
      <Filter>头文件\Common</Filter>
    </ClInclude>
    <ClInclude Include="SRC\ECS\WitchcraECSScriptingBridge.h">
      <Filter>头文件\ECS</Filter>
    </ClInclude>
    <ClInclude Include="SRC\ECS\WitchcraECSRigidBodyBridge.h">
      <Filter>头文件\ECS</Filter>
    </ClInclude>
    <ClInclude Include="SRC\ECS\WitchcraECSPhysicsBridge.h">
      <Filter>头文件\ECS</Filter>
    </ClInclude>
    <ClInclude Include="SRC\ECS\WitchcraECSEntityHierarchyBridge.h">
      <Filter>头文件\ECS</Filter>
    </ClInclude>
    <ClInclude Include="SRC\ECS\WitchcraECSComponentLifecycleBridge.h">
      <Filter>头文件\ECS</Filter>
    </ClInclude>
    <ClInclude Include="SRC\ECS\WitchcraECSEntityHierarchyQueryBridge.h">
      <Filter>头文件\ECS</Filter>
    </ClInclude>
    <ClInclude Include="SRC\ECS\WitchcraECSInspectorBridge.h">
      <Filter>头文件\ECS</Filter>
    </ClInclude>
    <ClInclude Include="SRC\ECS\WitchcraECSTransformSyncBridge.h">
      <Filter>头文件\ECS</Filter>
    </ClInclude>
    <ClInclude Include="SRC\D3DWindow\PointLightShadowCubePool.h">
      <Filter>头文件\D3DWindow</Filter>
    </ClInclude>
    <ClInclude Include="SRC\D3DWindow\D3DWindowShadowHelpers.h">
      <Filter>头文件\D3DWindow</Filter>
    </ClInclude>
    <ClInclude Include="SRC\D3DWindow\D3DWindowAssetHelpers.h">
      <Filter>头文件\D3DWindow</Filter>
    </ClInclude>
    <ClInclude Include="SRC\Common\SkeletonSharedTypes.h">
      <Filter>头文件\Common</Filter>
    </ClInclude>
    <ClInclude Include="SRC\Common\SkinningSharedTypes.h">
      <Filter>头文件\Common</Filter>
    </ClInclude>
    <ClInclude Include="SRC\Common\AnimationSharedTypes.h">
      <Filter>头文件\Common</Filter>
    </ClInclude>
    <ClInclude Include="SRC\System\Animation\Assets\AnimationClipAsset.h">
      <Filter>头文件\System\Animation\Assets</Filter>
    </ClInclude>
    <ClInclude Include="SRC\System\Animation\Assets\SkeletonAsset.h">
      <Filter>头文件\System\Animation\Assets</Filter>
    </ClInclude>
    <ClInclude Include="SRC\System\Animation\Assets\SkinnedMeshAsset.h">
      <Filter>头文件\System\Animation\Assets</Filter>
    </ClInclude>
    <ClInclude Include="SRC\System\WitchcraftFile\WAnimationFile.h">
      <Filter>头文件\System\WitchcraftFile</Filter>
    </ClInclude>
    <ClInclude Include="SRC\System\WitchcraftFile\WSkeletonFile.h">
      <Filter>头文件\System\WitchcraftFile</Filter>
    </ClInclude>
    <ClInclude Include="SRC\ECS\Component\SkinningRuntimeComponent.h">
      <Filter>头文件\ECS\Component</Filter>
    </ClInclude>
    <ClInclude Include="SRC\ECS\Component\SkinnedMeshComponent.h">
      <Filter>头文件\ECS\Component</Filter>
    </ClInclude>
    <ClInclude Include="SRC\ECS\Component\SkeletonComponent.h">
      <Filter>头文件\ECS\Component</Filter>
    </ClInclude>
    <ClInclude Include="SRC\ECS\Component\BillboardComponent.h">
      <Filter>头文件\ECS\Component</Filter>
    </ClInclude>
    <ClInclude Include="SRC\System\Animation\AnimationSystem.h">
      <Filter>头文件\System\Animation</Filter>
    </ClInclude>
    <ClInclude Include="SRC\System\Animation\SkeletonPoseSystem.h">
      <Filter>头文件\System\Animation</Filter>
    </ClInclude>
    <ClInclude Include="SRC\System\Animation\SkinningPaletteSystem.h">
      <Filter>头文件\System\Animation</Filter>
    </ClInclude>
    <ClInclude Include="SRC\Editor\Window\AnimationEditorWindow.h">
      <Filter>头文件\Editor\Window</Filter>
    </ClInclude>
    <ClInclude Include="SRC\System\Animation\AnimationClipEditing.h">
      <Filter>头文件\System\Animation</Filter>
    </ClInclude>
    <ClInclude Include="SRC\System\Animation\AnimationLayerMask.h">
      <Filter>头文件\System\Animation</Filter>
    </ClInclude>
    <ClInclude Include="SRC\System\Animation\AnimationPlaybackController.h">
      <Filter>头文件\System\Animation</Filter>
    </ClInclude>
    <ClInclude Include="SRC\System\Animation\AnimationClipCache.h">
      <Filter>头文件\System\Animation</Filter>
    </ClInclude>
    <ClInclude Include="SRC\Editor\SkeletonEditorTool.h">
      <Filter>头文件\Editor</Filter>
    </ClInclude>
    <ClInclude Include="SRC\ECS\Component\BoneAttachmentComponent.h">
      <Filter>头文件\ECS\Component</Filter>
    </ClInclude>
    <ClInclude Include="SRC\ECS\Component\AnimatorComponent.h">
      <Filter>头文件\ECS\Component</Filter>
    </ClInclude>
    <ClInclude Include="SRC\D3DWindow\RenderPasses\DirectionalShadowMaskPass.h">
      <Filter>头文件\D3DWindow\RenderPasses</Filter>
    </ClInclude>
    <ClInclude Include="SRC\D3DWindow\RenderPasses\FXAAPass.h">
      <Filter>头文件\D3DWindow\RenderPasses</Filter>
    </ClInclude>
    <ClInclude Include="SRC\D3DWindow\RenderPasses\GizmoPass.h">
      <Filter>头文件\D3DWindow\RenderPasses</Filter>
    </ClInclude>
    <ClInclude Include="SRC\D3DWindow\RenderPasses\InteractionOutlinePass.h">
      <Filter>头文件\D3DWindow\RenderPasses</Filter>
    </ClInclude>
    <ClInclude Include="SRC\D3DWindow\RenderPasses\OITCompositePass.h">
      <Filter>头文件\D3DWindow\RenderPasses</Filter>
    </ClInclude>
    <ClInclude Include="SRC\D3DWindow\RenderPasses\SharedNormalPrepass.h">
      <Filter>头文件\D3DWindow\RenderPasses</Filter>
    </ClInclude>
    <ClInclude Include="SRC\D3DWindow\RenderPasses\SkeletonOverlayPass.h">
      <Filter>头文件\D3DWindow\RenderPasses</Filter>
    </ClInclude>
    <ClInclude Include="SRC\D3DWindow\RenderPasses\SkinningComputePass.h">
      <Filter>头文件\D3DWindow\RenderPasses</Filter>
    </ClInclude>
    <ClInclude Include="SRC\D3DWindow\RenderPasses\VolumetricLightPass.h">
      <Filter>头文件\D3DWindow\RenderPasses</Filter>
    </ClInclude>
    <ClInclude Include="SRC\D3DWindow\RenderPasses\SkinWeightVizPass.h">
      <Filter>头文件\D3DWindow\RenderPasses</Filter>
    </ClInclude>
    <ClInclude Include="SRC\D3DWindow\UploadBuffer.h">
      <Filter>头文件\D3DWindow</Filter>
    </ClInclude>
    <ClInclude Include="SRC\D3DWindow\LightConstants.h">
      <Filter>头文件\D3DWindow</Filter>
    </ClInclude>
    <ClInclude Include="SRC\D3DWindow\PassConstants.h">
      <Filter>头文件\D3DWindow</Filter>
    </ClInclude>
    <ClInclude Include="SRC\D3DWindow\PostProcessConstants.h">
      <Filter>头文件\D3DWindow</Filter>
    </ClInclude>
    <ClInclude Include="SRC\D3DWindow\D3DWindowGeometry.h">
      <Filter>头文件\D3DWindow</Filter>
    </ClInclude>
    <ClInclude Include="SRC\D3DWindow\D3DWindowStaticHelpers.h">
      <Filter>头文件\D3DWindow</Filter>
    </ClInclude>
    <ClInclude Include="SRC\D3DWindow\RenderPasses\AmbientOcclusionPass.h">
      <Filter>头文件\D3DWindow\RenderPasses</Filter>
    </ClInclude>
    <ClInclude Include="SRC\D3DWindow\RenderPasses\AOConstants.h">
      <Filter>头文件\D3DWindow\RenderPasses</Filter>
    </ClInclude>
    <ClInclude Include="SRC\D3DWindow\RenderPasses\ShadowFrameBuilder.h">
      <Filter>头文件\D3DWindow\RenderPasses</Filter>
    </ClInclude>
    <ClInclude Include="SRC\D3DWindow\RenderPasses\ShadowMapPass.h">
      <Filter>头文件\D3DWindow\RenderPasses</Filter>
    </ClInclude>
    <ClInclude Include="SRC\D3DWindow\RenderPasses\ShadowPoolPlanner.h">
      <Filter>头文件\D3DWindow\RenderPasses</Filter>
    </ClInclude>
    <ClInclude Include="SRC\D3DWindow\RenderPasses\TextRenderPass.h">
      <Filter>头文件\D3DWindow\RenderPasses</Filter>
    </ClInclude>
    <ClInclude Include="SRC\D3DWindow\RenderPasses\RenderToTexture.h">
      <Filter>头文件\D3DWindow\RenderPasses</Filter>
    </ClInclude>
    <ClInclude Include="SRC\D3DWindow\RenderPasses\ColorAdjustPass.h">
      <Filter>头文件\D3DWindow\RenderPasses</Filter>
    </ClInclude>
    <ClInclude Include="SRC\Editor\Window\ScriptEditorWindow.h">
      <Filter>头文件\Editor\Window</Filter>
    </ClInclude>
    <ClInclude Include="SRC\D3DWindow\RenderPasses\D3DPassContext.h">
      <Filter>头文件\D3DWindow\RenderPasses</Filter>
    </ClInclude>
    <ClInclude Include="SRC\D3DWindow\D3DRenderBindingContract.h">
      <Filter>头文件\D3DWindow</Filter>
    </ClInclude>
    <ClInclude Include="SRC\Editor\Window\ProjectWindow.h">
      <Filter>头文件\Editor\Window</Filter>
    </ClInclude>
    <ClInclude Include="SRC\Editor\Window\ProjectSettingsWindow.h">
      <Filter>头文件\Editor\Window</Filter>
    </ClInclude>
  </ItemGroup>
  <ItemGroup>
    <None Include="DATA\Shaders\Shadows.hlsl">
      <Filter>资源文件</Filter>
    </None>
    <None Include="DATA\Shaders\Sky.hlsl">
      <Filter>资源文件</Filter>
    </None>
    <None Include="DATA\Shaders\Text.hlsl">
      <Filter>资源文件</Filter>
    </None>
    <None Include="DATA\Shaders\PBRX.hlsl">
      <Filter>资源文件</Filter>
    </None>
    <None Include="DATA\Shaders\LightingUtil.hlsl">
      <Filter>资源文件</Filter>
    </None>
    <None Include="DATA\Shaders\Ssao.hlsl">
      <Filter>资源文件</Filter>
    </None>
    <None Include="DATA\Shaders\SsaoBlur.hlsl">
      <Filter>资源文件</Filter>
    </None>
    <None Include="DATA\Shaders\DrawNormals.hlsl">
      <Filter>资源文件</Filter>
    </None>
    <None Include="DATA\Shaders\Core.hlsl">
      <Filter>资源文件</Filter>
    </None>
    <None Include="DATA\Shaders\Billboard.hlsl">
      <Filter>资源文件</Filter>
    </None>
    <None Include="DATA\Shaders\FXAA.hlsl">
      <Filter>资源文件</Filter>
    </None>
    <None Include="DATA\Shaders\PostProcess.hlsl">
      <Filter>资源文件</Filter>
    </None>
    <None Include="DATA\Shaders\OITComposite.hlsl">
      <Filter>资源文件</Filter>
    </None>
    <None Include="DATA\Shaders\PostProcessCommon.hlsli">
      <Filter>资源文件</Filter>
    </None>
    <None Include="DATA\Shaders\SsaoCommon.hlsli">
      <Filter>资源文件</Filter>
    </None>
    <None Include="DATA\Shaders\FullscreenQuad.hlsli">
      <Filter>资源文件</Filter>
    </None>
    <None Include="DATA\Shaders\Outline.hlsl">
      <Filter>资源文件</Filter>
    </None>
    <None Include="DATA\Shaders\Interaction.hlsl">
      <Filter>资源文件</Filter>
    </None>
    <None Include="DATA\Shaders\VolumetricLight.hlsl">
      <Filter>资源文件</Filter>
    </None>
    <None Include="DATA\Shaders\PBRXShadowHelpers.hlsl">
      <Filter>资源文件</Filter>
    </None>
    <None Include="引擎架构.mmd" />
    <None Include="WitchcraECS.mmd" />
    <None Include="DATA\Shaders\Gizmo.hlsl">
      <Filter>资源文件</Filter>
    </None>
    <None Include="DATA\Shaders\SkinningHelpers.hlsli">
      <Filter>资源文件</Filter>
    </None>
    <None Include="DATA\Shaders\SkinningCompute.hlsl">
      <Filter>资源文件</Filter>
    </None>
    <None Include="DATA\Shaders\SkeletonOverlay.hlsl">
      <Filter>资源文件</Filter>
    </None>
    <None Include="DATA\Shaders\SkinWeightVisualization.hlsl">
      <Filter>资源文件</Filter>
    </None>
    <None Include="..\..\README.md" />
    <None Include="DATA\Shaders\DirectionalShadowMask.hlsl">
      <Filter>资源文件</Filter>
    </None>
    <None Include="DATA\Shaders\DirectionalShadowMaskBlur.hlsl">
      <Filter>资源文件</Filter>
    </None>
    <None Include="DATA\Shaders\SkySampling.hlsli">
      <Filter>资源文件</Filter>
    </None>
  </ItemGroup>
  <ItemGroup>
    <Text Include="D3D实现架构.mmd" />
  </ItemGroup>
</Project>